// !$*UTF8*$!
{
	archiveVersion = 1;
	classes = {
	};
	objectVersion = 46;
	objects = {

/* Begin PBXBuildFile section */
		090A23301487D18B005AF496 /* QuartzCore.framework in Frameworks */ = {isa = PBXBuildFile; fileRef = 090A232F1487D18B005AF496 /* QuartzCore.framework */; };
		090A23321487D18B005AF496 /* OpenGLES.framework in Frameworks */ = {isa = PBXBuildFile; fileRef = 090A23311487D18B005AF496 /* OpenGLES.framework */; };
		090A23341487D18B005AF496 /* OpenAL.framework in Frameworks */ = {isa = PBXBuildFile; fileRef = 090A23331487D18B005AF496 /* OpenAL.framework */; };
		090A23361487D18B005AF496 /* AudioToolbox.framework in Frameworks */ = {isa = PBXBuildFile; fileRef = 090A23351487D18B005AF496 /* AudioToolbox.framework */; };
		090A23381487D18B005AF496 /* AVFoundation.framework in Frameworks */ = {isa = PBXBuildFile; fileRef = 090A23371487D18B005AF496 /* AVFoundation.framework */; };
		090A233A1487D18B005AF496 /* UIKit.framework in Frameworks */ = {isa = PBXBuildFile; fileRef = 090A23391487D18B005AF496 /* UIKit.framework */; };
		090A233C1487D18B005AF496 /* Foundation.framework in Frameworks */ = {isa = PBXBuildFile; fileRef = 090A233B1487D18B005AF496 /* Foundation.framework */; };
		090A233E1487D18B005AF496 /* CoreGraphics.framework in Frameworks */ = {isa = PBXBuildFile; fileRef = 090A233D1487D18B005AF496 /* CoreGraphics.framework */; };
		090A23441487D18B005AF496 /* fps_images.png in Resources */ = {isa = PBXBuildFile; fileRef = 090A23431487D18B005AF496 /* fps_images.png */; };
		090A23581487D18B005AF496 /* CCAction.m in Sources */ = {isa = PBXBuildFile; fileRef = 090A23571487D18B005AF496 /* CCAction.m */; };
		090A235B1487D18B005AF496 /* CCActionCamera.m in Sources */ = {isa = PBXBuildFile; fileRef = 090A235A1487D18B005AF496 /* CCActionCamera.m */; };
		090A235E1487D18B005AF496 /* CCActionEase.m in Sources */ = {isa = PBXBuildFile; fileRef = 090A235D1487D18B005AF496 /* CCActionEase.m */; };
		090A23611487D18B005AF496 /* CCActionGrid.m in Sources */ = {isa = PBXBuildFile; fileRef = 090A23601487D18B005AF496 /* CCActionGrid.m */; };
		090A23641487D18C005AF496 /* CCActionGrid3D.m in Sources */ = {isa = PBXBuildFile; fileRef = 090A23631487D18C005AF496 /* CCActionGrid3D.m */; };
		090A23671487D18C005AF496 /* CCActionInstant.m in Sources */ = {isa = PBXBuildFile; fileRef = 090A23661487D18C005AF496 /* CCActionInstant.m */; };
		090A236A1487D18C005AF496 /* CCActionInterval.m in Sources */ = {isa = PBXBuildFile; fileRef = 090A23691487D18C005AF496 /* CCActionInterval.m */; };
		090A236D1487D18C005AF496 /* CCActionManager.m in Sources */ = {isa = PBXBuildFile; fileRef = 090A236C1487D18C005AF496 /* CCActionManager.m */; };
		090A23701487D18C005AF496 /* CCActionPageTurn3D.m in Sources */ = {isa = PBXBuildFile; fileRef = 090A236F1487D18C005AF496 /* CCActionPageTurn3D.m */; };
		090A23731487D18C005AF496 /* CCActionProgressTimer.m in Sources */ = {isa = PBXBuildFile; fileRef = 090A23721487D18C005AF496 /* CCActionProgressTimer.m */; };
		090A23761487D18C005AF496 /* CCActionTiledGrid.m in Sources */ = {isa = PBXBuildFile; fileRef = 090A23751487D18C005AF496 /* CCActionTiledGrid.m */; };
		090A23791487D18C005AF496 /* CCActionTween.m in Sources */ = {isa = PBXBuildFile; fileRef = 090A23781487D18C005AF496 /* CCActionTween.m */; };
		090A237C1487D18C005AF496 /* CCAnimation.m in Sources */ = {isa = PBXBuildFile; fileRef = 090A237B1487D18C005AF496 /* CCAnimation.m */; };
		090A237F1487D18C005AF496 /* CCAnimationCache.m in Sources */ = {isa = PBXBuildFile; fileRef = 090A237E1487D18C005AF496 /* CCAnimationCache.m */; };
		090A23821487D18C005AF496 /* CCAtlasNode.m in Sources */ = {isa = PBXBuildFile; fileRef = 090A23811487D18C005AF496 /* CCAtlasNode.m */; };
		090A23851487D18C005AF496 /* CCBlockSupport.m in Sources */ = {isa = PBXBuildFile; fileRef = 090A23841487D18C005AF496 /* CCBlockSupport.m */; };
		090A23881487D18C005AF496 /* CCCamera.m in Sources */ = {isa = PBXBuildFile; fileRef = 090A23871487D18C005AF496 /* CCCamera.m */; };
		090A238C1487D18C005AF496 /* CCConfiguration.m in Sources */ = {isa = PBXBuildFile; fileRef = 090A238B1487D18C005AF496 /* CCConfiguration.m */; };
		090A238F1487D18C005AF496 /* CCDirector.m in Sources */ = {isa = PBXBuildFile; fileRef = 090A238E1487D18C005AF496 /* CCDirector.m */; };
		090A23921487D18C005AF496 /* CCDrawingPrimitives.m in Sources */ = {isa = PBXBuildFile; fileRef = 090A23911487D18C005AF496 /* CCDrawingPrimitives.m */; };
		090A23951487D18C005AF496 /* CCGrabber.m in Sources */ = {isa = PBXBuildFile; fileRef = 090A23941487D18C005AF496 /* CCGrabber.m */; };
		090A23981487D18C005AF496 /* CCGrid.m in Sources */ = {isa = PBXBuildFile; fileRef = 090A23971487D18C005AF496 /* CCGrid.m */; };
		090A239B1487D18C005AF496 /* CCLabelAtlas.m in Sources */ = {isa = PBXBuildFile; fileRef = 090A239A1487D18C005AF496 /* CCLabelAtlas.m */; };
		090A239E1487D18C005AF496 /* CCLabelBMFont.m in Sources */ = {isa = PBXBuildFile; fileRef = 090A239D1487D18C005AF496 /* CCLabelBMFont.m */; };
		090A23A11487D18C005AF496 /* CCLabelTTF.m in Sources */ = {isa = PBXBuildFile; fileRef = 090A23A01487D18C005AF496 /* CCLabelTTF.m */; };
		090A23A41487D18C005AF496 /* CCLayer.m in Sources */ = {isa = PBXBuildFile; fileRef = 090A23A31487D18C005AF496 /* CCLayer.m */; };
		090A23A81487D18C005AF496 /* CCMenu.m in Sources */ = {isa = PBXBuildFile; fileRef = 090A23A71487D18C005AF496 /* CCMenu.m */; };
		090A23AB1487D18C005AF496 /* CCMenuItem.m in Sources */ = {isa = PBXBuildFile; fileRef = 090A23AA1487D18C005AF496 /* CCMenuItem.m */; };
		090A23AE1487D18C005AF496 /* CCMotionStreak.m in Sources */ = {isa = PBXBuildFile; fileRef = 090A23AD1487D18C005AF496 /* CCMotionStreak.m */; };
		090A23B11487D18C005AF496 /* CCNode.m in Sources */ = {isa = PBXBuildFile; fileRef = 090A23B01487D18C005AF496 /* CCNode.m */; };
		090A23B41487D18C005AF496 /* CCParallaxNode.m in Sources */ = {isa = PBXBuildFile; fileRef = 090A23B31487D18C005AF496 /* CCParallaxNode.m */; };
		090A23B71487D18C005AF496 /* CCParticleBatchNode.m in Sources */ = {isa = PBXBuildFile; fileRef = 090A23B61487D18C005AF496 /* CCParticleBatchNode.m */; };
		090A23BA1487D18C005AF496 /* CCParticleExamples.m in Sources */ = {isa = PBXBuildFile; fileRef = 090A23B91487D18C005AF496 /* CCParticleExamples.m */; };
		090A23BD1487D18C005AF496 /* CCParticleSystem.m in Sources */ = {isa = PBXBuildFile; fileRef = 090A23BC1487D18C005AF496 /* CCParticleSystem.m */; };
		090A23C01487D18C005AF496 /* CCParticleSystemPoint.m in Sources */ = {isa = PBXBuildFile; fileRef = 090A23BF1487D18C005AF496 /* CCParticleSystemPoint.m */; };
		090A23C31487D18D005AF496 /* CCParticleSystemQuad.m in Sources */ = {isa = PBXBuildFile; fileRef = 090A23C21487D18D005AF496 /* CCParticleSystemQuad.m */; };
		090A23C61487D18D005AF496 /* CCProgressTimer.m in Sources */ = {isa = PBXBuildFile; fileRef = 090A23C51487D18D005AF496 /* CCProgressTimer.m */; };
		090A23CA1487D18D005AF496 /* CCRenderTexture.m in Sources */ = {isa = PBXBuildFile; fileRef = 090A23C91487D18D005AF496 /* CCRenderTexture.m */; };
		090A23CD1487D18D005AF496 /* CCRibbon.m in Sources */ = {isa = PBXBuildFile; fileRef = 090A23CC1487D18D005AF496 /* CCRibbon.m */; };
		090A23D01487D18D005AF496 /* CCScene.m in Sources */ = {isa = PBXBuildFile; fileRef = 090A23CF1487D18D005AF496 /* CCScene.m */; };
		090A23D31487D18D005AF496 /* CCScheduler.m in Sources */ = {isa = PBXBuildFile; fileRef = 090A23D21487D18D005AF496 /* CCScheduler.m */; };
		090A23D61487D18D005AF496 /* CCSprite.m in Sources */ = {isa = PBXBuildFile; fileRef = 090A23D51487D18D005AF496 /* CCSprite.m */; };
		090A23D91487D18D005AF496 /* CCSpriteBatchNode.m in Sources */ = {isa = PBXBuildFile; fileRef = 090A23D81487D18D005AF496 /* CCSpriteBatchNode.m */; };
		090A23DC1487D18D005AF496 /* CCSpriteFrame.m in Sources */ = {isa = PBXBuildFile; fileRef = 090A23DB1487D18D005AF496 /* CCSpriteFrame.m */; };
		090A23DF1487D18D005AF496 /* CCSpriteFrameCache.m in Sources */ = {isa = PBXBuildFile; fileRef = 090A23DE1487D18D005AF496 /* CCSpriteFrameCache.m */; };
		090A23E21487D18D005AF496 /* CCTexture2D.m in Sources */ = {isa = PBXBuildFile; fileRef = 090A23E11487D18D005AF496 /* CCTexture2D.m */; };
		090A23E51487D18D005AF496 /* CCTextureAtlas.m in Sources */ = {isa = PBXBuildFile; fileRef = 090A23E41487D18D005AF496 /* CCTextureAtlas.m */; };
		090A23E81487D18D005AF496 /* CCTextureCache.m in Sources */ = {isa = PBXBuildFile; fileRef = 090A23E71487D18D005AF496 /* CCTextureCache.m */; };
		090A23EB1487D18D005AF496 /* CCTexturePVR.m in Sources */ = {isa = PBXBuildFile; fileRef = 090A23EA1487D18D005AF496 /* CCTexturePVR.m */; };
		090A23EE1487D18D005AF496 /* CCTileMapAtlas.m in Sources */ = {isa = PBXBuildFile; fileRef = 090A23ED1487D18D005AF496 /* CCTileMapAtlas.m */; };
		090A23F11487D18D005AF496 /* CCTMXLayer.m in Sources */ = {isa = PBXBuildFile; fileRef = 090A23F01487D18D005AF496 /* CCTMXLayer.m */; };
		090A23F41487D18D005AF496 /* CCTMXObjectGroup.m in Sources */ = {isa = PBXBuildFile; fileRef = 090A23F31487D18D005AF496 /* CCTMXObjectGroup.m */; };
		090A23F71487D18D005AF496 /* CCTMXTiledMap.m in Sources */ = {isa = PBXBuildFile; fileRef = 090A23F61487D18D005AF496 /* CCTMXTiledMap.m */; };
		090A23FA1487D18D005AF496 /* CCTMXXMLParser.m in Sources */ = {isa = PBXBuildFile; fileRef = 090A23F91487D18D005AF496 /* CCTMXXMLParser.m */; };
		090A23FD1487D18D005AF496 /* CCTransition.m in Sources */ = {isa = PBXBuildFile; fileRef = 090A23FC1487D18D005AF496 /* CCTransition.m */; };
		090A24001487D18D005AF496 /* CCTransitionPageTurn.m in Sources */ = {isa = PBXBuildFile; fileRef = 090A23FF1487D18D005AF496 /* CCTransitionPageTurn.m */; };
		090A24031487D18D005AF496 /* CCTransitionRadial.m in Sources */ = {isa = PBXBuildFile; fileRef = 090A24021487D18D005AF496 /* CCTransitionRadial.m */; };
		090A24071487D18D005AF496 /* cocos2d.m in Sources */ = {isa = PBXBuildFile; fileRef = 090A24061487D18D005AF496 /* cocos2d.m */; };
		090A240E1487D18D005AF496 /* CCDirectorIOS.m in Sources */ = {isa = PBXBuildFile; fileRef = 090A240D1487D18D005AF496 /* CCDirectorIOS.m */; };
		090A24121487D18D005AF496 /* CCTouchDispatcher.m in Sources */ = {isa = PBXBuildFile; fileRef = 090A24111487D18D005AF496 /* CCTouchDispatcher.m */; };
		090A24151487D18D005AF496 /* CCTouchHandler.m in Sources */ = {isa = PBXBuildFile; fileRef = 090A24141487D18D005AF496 /* CCTouchHandler.m */; };
		090A24181487D18D005AF496 /* EAGLView.m in Sources */ = {isa = PBXBuildFile; fileRef = 090A24171487D18D005AF496 /* EAGLView.m */; };
		090A241B1487D18D005AF496 /* ES1Renderer.m in Sources */ = {isa = PBXBuildFile; fileRef = 090A241A1487D18D005AF496 /* ES1Renderer.m */; };
		090A241E1487D18D005AF496 /* glu.c in Sources */ = {isa = PBXBuildFile; fileRef = 090A241D1487D18D005AF496 /* glu.c */; };
		090A24231487D18E005AF496 /* CCDirectorMac.m in Sources */ = {isa = PBXBuildFile; fileRef = 090A24221487D18E005AF496 /* CCDirectorMac.m */; };
		090A24261487D18E005AF496 /* CCEventDispatcher.m in Sources */ = {isa = PBXBuildFile; fileRef = 090A24251487D18E005AF496 /* CCEventDispatcher.m */; };
		090A24291487D18E005AF496 /* MacGLView.m in Sources */ = {isa = PBXBuildFile; fileRef = 090A24281487D18E005AF496 /* MacGLView.m */; };
		090A242C1487D18E005AF496 /* MacWindow.m in Sources */ = {isa = PBXBuildFile; fileRef = 090A242B1487D18E005AF496 /* MacWindow.m */; };
		090A242F1487D18E005AF496 /* base64.c in Sources */ = {isa = PBXBuildFile; fileRef = 090A242E1487D18E005AF496 /* base64.c */; };
		090A24331487D18E005AF496 /* CCArray.m in Sources */ = {isa = PBXBuildFile; fileRef = 090A24321487D18E005AF496 /* CCArray.m */; };
		090A24371487D18E005AF496 /* CCFileUtils.m in Sources */ = {isa = PBXBuildFile; fileRef = 090A24361487D18E005AF496 /* CCFileUtils.m */; };
		090A243A1487D18E005AF496 /* CCProfiling.m in Sources */ = {isa = PBXBuildFile; fileRef = 090A24391487D18E005AF496 /* CCProfiling.m */; };
		090A243C1487D18E005AF496 /* ccUtils.c in Sources */ = {isa = PBXBuildFile; fileRef = 090A243B1487D18E005AF496 /* ccUtils.c */; };
		090A24401487D18E005AF496 /* CGPointExtension.m in Sources */ = {isa = PBXBuildFile; fileRef = 090A243F1487D18E005AF496 /* CGPointExtension.m */; };
		090A24441487D18E005AF496 /* TGAlib.m in Sources */ = {isa = PBXBuildFile; fileRef = 090A24431487D18E005AF496 /* TGAlib.m */; };
		090A24471487D18E005AF496 /* TransformUtils.m in Sources */ = {isa = PBXBuildFile; fileRef = 090A24461487D18E005AF496 /* TransformUtils.m */; };
		090A244C1487D18E005AF496 /* ZipUtils.m in Sources */ = {isa = PBXBuildFile; fileRef = 090A244B1487D18E005AF496 /* ZipUtils.m */; };
		090A24511487D18E005AF496 /* CDAudioManager.m in Sources */ = {isa = PBXBuildFile; fileRef = 090A24501487D18E005AF496 /* CDAudioManager.m */; };
		090A24551487D18E005AF496 /* CDOpenALSupport.m in Sources */ = {isa = PBXBuildFile; fileRef = 090A24541487D18E005AF496 /* CDOpenALSupport.m */; };
		090A24581487D18E005AF496 /* CocosDenshion.m in Sources */ = {isa = PBXBuildFile; fileRef = 090A24571487D18E005AF496 /* CocosDenshion.m */; };
		090A245B1487D18E005AF496 /* SimpleAudioEngine.m in Sources */ = {isa = PBXBuildFile; fileRef = 090A245A1487D18E005AF496 /* SimpleAudioEngine.m */; };
		090A24601487D18E005AF496 /* CLScoreServerPost.m in Sources */ = {isa = PBXBuildFile; fileRef = 090A245F1487D18E005AF496 /* CLScoreServerPost.m */; };
		090A24631487D18E005AF496 /* CLScoreServerRequest.m in Sources */ = {isa = PBXBuildFile; fileRef = 090A24621487D18E005AF496 /* CLScoreServerRequest.m */; };
		090A24661487D18E005AF496 /* cocoslive.m in Sources */ = {isa = PBXBuildFile; fileRef = 090A24651487D18E005AF496 /* cocoslive.m */; };
		090A246B1487D18E005AF496 /* CDataScanner.m in Sources */ = {isa = PBXBuildFile; fileRef = 090A246A1487D18E005AF496 /* CDataScanner.m */; };
		090A246F1487D18E005AF496 /* CDataScanner_Extensions.m in Sources */ = {isa = PBXBuildFile; fileRef = 090A246E1487D18E005AF496 /* CDataScanner_Extensions.m */; };
		090A24721487D18E005AF496 /* NSDictionary_JSONExtensions.m in Sources */ = {isa = PBXBuildFile; fileRef = 090A24711487D18E005AF496 /* NSDictionary_JSONExtensions.m */; };
		090A24761487D18E005AF496 /* CJSONDeserializer.m in Sources */ = {isa = PBXBuildFile; fileRef = 090A24751487D18E005AF496 /* CJSONDeserializer.m */; };
		090A24791487D18F005AF496 /* CJSONScanner.m in Sources */ = {isa = PBXBuildFile; fileRef = 090A24781487D18F005AF496 /* CJSONScanner.m */; };
		090A247C1487D18F005AF496 /* CJSONSerializer.m in Sources */ = {isa = PBXBuildFile; fileRef = 090A247B1487D18F005AF496 /* CJSONSerializer.m */; };
		090A24811487D18F005AF496 /* FontLabel.m in Sources */ = {isa = PBXBuildFile; fileRef = 090A24801487D18F005AF496 /* FontLabel.m */; };
		090A24841487D18F005AF496 /* FontLabelStringDrawing.m in Sources */ = {isa = PBXBuildFile; fileRef = 090A24831487D18F005AF496 /* FontLabelStringDrawing.m */; };
		090A24871487D18F005AF496 /* FontManager.m in Sources */ = {isa = PBXBuildFile; fileRef = 090A24861487D18F005AF496 /* FontManager.m */; };
		090A248A1487D18F005AF496 /* ZAttributedString.m in Sources */ = {isa = PBXBuildFile; fileRef = 090A24891487D18F005AF496 /* ZAttributedString.m */; };
		090A248E1487D18F005AF496 /* ZFont.m in Sources */ = {isa = PBXBuildFile; fileRef = 090A248D1487D18F005AF496 /* ZFont.m */; };
		090A24931487D18F005AF496 /* main.m in Sources */ = {isa = PBXBuildFile; fileRef = 090A24921487D18F005AF496 /* main.m */; };
		090A24961487D18F005AF496 /* AppDelegate.m in Sources */ = {isa = PBXBuildFile; fileRef = 090A24951487D18F005AF496 /* AppDelegate.m */; };
		090A24991487D18F005AF496 /* RootViewController.m in Sources */ = {isa = PBXBuildFile; fileRef = 090A24981487D18F005AF496 /* RootViewController.m */; };
		090A24A61487D395005AF496 /* Default-Landscape~ipad.png in Resources */ = {isa = PBXBuildFile; fileRef = 090A24A51487D395005AF496 /* Default-Landscape~ipad.png */; };
		090A24A81487D3A2005AF496 /* Default-Portrait~ipad.png in Resources */ = {isa = PBXBuildFile; fileRef = 090A24A71487D3A2005AF496 /* Default-Portrait~ipad.png */; };
		090A24AA1487D414005AF496 /* icon72x72.png in Resources */ = {isa = PBXBuildFile; fileRef = 090A24A91487D414005AF496 /* icon72x72.png */; };
		090A24B41487D4CF005AF496 /* KTInfoLayer.m in Sources */ = {isa = PBXBuildFile; fileRef = 090A24AD1487D4CF005AF496 /* KTInfoLayer.m */; };
		090A24B51487D4CF005AF496 /* KTKanaDetailLayer.m in Sources */ = {isa = PBXBuildFile; fileRef = 090A24AF1487D4CF005AF496 /* KTKanaDetailLayer.m */; };
		090A24B61487D4CF005AF496 /* KTKanaLayer.m in Sources */ = {isa = PBXBuildFile; fileRef = 090A24B11487D4CF005AF496 /* KTKanaLayer.m */; };
		090A24B71487D4CF005AF496 /* KTMenuLayer.m in Sources */ = {isa = PBXBuildFile; fileRef = 090A24B31487D4CF005AF496 /* KTMenuLayer.m */; };
/* End PBXBuildFile section */

/* Begin PBXFileReference section */
		090A232B1487D18B005AF496 /* kanaTable-ipad.app */ = {isa = PBXFileReference; explicitFileType = wrapper.application; includeInIndex = 0; path = "kanaTable-ipad.app"; sourceTree = BUILT_PRODUCTS_DIR; };
		090A232F1487D18B005AF496 /* QuartzCore.framework */ = {isa = PBXFileReference; lastKnownFileType = wrapper.framework; name = QuartzCore.framework; path = System/Library/Frameworks/QuartzCore.framework; sourceTree = SDKROOT; };
		090A23311487D18B005AF496 /* OpenGLES.framework */ = {isa = PBXFileReference; lastKnownFileType = wrapper.framework; name = OpenGLES.framework; path = System/Library/Frameworks/OpenGLES.framework; sourceTree = SDKROOT; };
		090A23331487D18B005AF496 /* OpenAL.framework */ = {isa = PBXFileReference; lastKnownFileType = wrapper.framework; name = OpenAL.framework; path = System/Library/Frameworks/OpenAL.framework; sourceTree = SDKROOT; };
		090A23351487D18B005AF496 /* AudioToolbox.framework */ = {isa = PBXFileReference; lastKnownFileType = wrapper.framework; name = AudioToolbox.framework; path = System/Library/Frameworks/AudioToolbox.framework; sourceTree = SDKROOT; };
		090A23371487D18B005AF496 /* AVFoundation.framework */ = {isa = PBXFileReference; lastKnownFileType = wrapper.framework; name = AVFoundation.framework; path = System/Library/Frameworks/AVFoundation.framework; sourceTree = SDKROOT; };
		090A23391487D18B005AF496 /* UIKit.framework */ = {isa = PBXFileReference; lastKnownFileType = wrapper.framework; name = UIKit.framework; path = System/Library/Frameworks/UIKit.framework; sourceTree = SDKROOT; };
		090A233B1487D18B005AF496 /* Foundation.framework */ = {isa = PBXFileReference; lastKnownFileType = wrapper.framework; name = Foundation.framework; path = System/Library/Frameworks/Foundation.framework; sourceTree = SDKROOT; };
		090A233D1487D18B005AF496 /* CoreGraphics.framework */ = {isa = PBXFileReference; lastKnownFileType = wrapper.framework; name = CoreGraphics.framework; path = System/Library/Frameworks/CoreGraphics.framework; sourceTree = SDKROOT; };
		090A23431487D18B005AF496 /* fps_images.png */ = {isa = PBXFileReference; lastKnownFileType = image.png; name = fps_images.png; path = Resources/fps_images.png; sourceTree = "<group>"; };
		090A23511487D18B005AF496 /* Info.plist */ = {isa = PBXFileReference; lastKnownFileType = text.plist.xml; name = Info.plist; path = Resources/Info.plist; sourceTree = "<group>"; };
		090A23561487D18B005AF496 /* CCAction.h */ = {isa = PBXFileReference; lastKnownFileType = sourcecode.c.h; name = CCAction.h; path = libs/cocos2d/CCAction.h; sourceTree = "<group>"; };
		090A23571487D18B005AF496 /* CCAction.m */ = {isa = PBXFileReference; lastKnownFileType = sourcecode.c.objc; name = CCAction.m; path = libs/cocos2d/CCAction.m; sourceTree = "<group>"; };
		090A23591487D18B005AF496 /* CCActionCamera.h */ = {isa = PBXFileReference; lastKnownFileType = sourcecode.c.h; name = CCActionCamera.h; path = libs/cocos2d/CCActionCamera.h; sourceTree = "<group>"; };
		090A235A1487D18B005AF496 /* CCActionCamera.m */ = {isa = PBXFileReference; lastKnownFileType = sourcecode.c.objc; name = CCActionCamera.m; path = libs/cocos2d/CCActionCamera.m; sourceTree = "<group>"; };
		090A235C1487D18B005AF496 /* CCActionEase.h */ = {isa = PBXFileReference; lastKnownFileType = sourcecode.c.h; name = CCActionEase.h; path = libs/cocos2d/CCActionEase.h; sourceTree = "<group>"; };
		090A235D1487D18B005AF496 /* CCActionEase.m */ = {isa = PBXFileReference; lastKnownFileType = sourcecode.c.objc; name = CCActionEase.m; path = libs/cocos2d/CCActionEase.m; sourceTree = "<group>"; };
		090A235F1487D18B005AF496 /* CCActionGrid.h */ = {isa = PBXFileReference; lastKnownFileType = sourcecode.c.h; name = CCActionGrid.h; path = libs/cocos2d/CCActionGrid.h; sourceTree = "<group>"; };
		090A23601487D18B005AF496 /* CCActionGrid.m */ = {isa = PBXFileReference; lastKnownFileType = sourcecode.c.objc; name = CCActionGrid.m; path = libs/cocos2d/CCActionGrid.m; sourceTree = "<group>"; };
		090A23621487D18B005AF496 /* CCActionGrid3D.h */ = {isa = PBXFileReference; lastKnownFileType = sourcecode.c.h; name = CCActionGrid3D.h; path = libs/cocos2d/CCActionGrid3D.h; sourceTree = "<group>"; };
		090A23631487D18C005AF496 /* CCActionGrid3D.m */ = {isa = PBXFileReference; lastKnownFileType = sourcecode.c.objc; name = CCActionGrid3D.m; path = libs/cocos2d/CCActionGrid3D.m; sourceTree = "<group>"; };
		090A23651487D18C005AF496 /* CCActionInstant.h */ = {isa = PBXFileReference; lastKnownFileType = sourcecode.c.h; name = CCActionInstant.h; path = libs/cocos2d/CCActionInstant.h; sourceTree = "<group>"; };
		090A23661487D18C005AF496 /* CCActionInstant.m */ = {isa = PBXFileReference; lastKnownFileType = sourcecode.c.objc; name = CCActionInstant.m; path = libs/cocos2d/CCActionInstant.m; sourceTree = "<group>"; };
		090A23681487D18C005AF496 /* CCActionInterval.h */ = {isa = PBXFileReference; lastKnownFileType = sourcecode.c.h; name = CCActionInterval.h; path = libs/cocos2d/CCActionInterval.h; sourceTree = "<group>"; };
		090A23691487D18C005AF496 /* CCActionInterval.m */ = {isa = PBXFileReference; lastKnownFileType = sourcecode.c.objc; name = CCActionInterval.m; path = libs/cocos2d/CCActionInterval.m; sourceTree = "<group>"; };
		090A236B1487D18C005AF496 /* CCActionManager.h */ = {isa = PBXFileReference; lastKnownFileType = sourcecode.c.h; name = CCActionManager.h; path = libs/cocos2d/CCActionManager.h; sourceTree = "<group>"; };
		090A236C1487D18C005AF496 /* CCActionManager.m */ = {isa = PBXFileReference; lastKnownFileType = sourcecode.c.objc; name = CCActionManager.m; path = libs/cocos2d/CCActionManager.m; sourceTree = "<group>"; };
		090A236E1487D18C005AF496 /* CCActionPageTurn3D.h */ = {isa = PBXFileReference; lastKnownFileType = sourcecode.c.h; name = CCActionPageTurn3D.h; path = libs/cocos2d/CCActionPageTurn3D.h; sourceTree = "<group>"; };
		090A236F1487D18C005AF496 /* CCActionPageTurn3D.m */ = {isa = PBXFileReference; lastKnownFileType = sourcecode.c.objc; name = CCActionPageTurn3D.m; path = libs/cocos2d/CCActionPageTurn3D.m; sourceTree = "<group>"; };
		090A23711487D18C005AF496 /* CCActionProgressTimer.h */ = {isa = PBXFileReference; lastKnownFileType = sourcecode.c.h; name = CCActionProgressTimer.h; path = libs/cocos2d/CCActionProgressTimer.h; sourceTree = "<group>"; };
		090A23721487D18C005AF496 /* CCActionProgressTimer.m */ = {isa = PBXFileReference; lastKnownFileType = sourcecode.c.objc; name = CCActionProgressTimer.m; path = libs/cocos2d/CCActionProgressTimer.m; sourceTree = "<group>"; };
		090A23741487D18C005AF496 /* CCActionTiledGrid.h */ = {isa = PBXFileReference; lastKnownFileType = sourcecode.c.h; name = CCActionTiledGrid.h; path = libs/cocos2d/CCActionTiledGrid.h; sourceTree = "<group>"; };
		090A23751487D18C005AF496 /* CCActionTiledGrid.m */ = {isa = PBXFileReference; lastKnownFileType = sourcecode.c.objc; name = CCActionTiledGrid.m; path = libs/cocos2d/CCActionTiledGrid.m; sourceTree = "<group>"; };
		090A23771487D18C005AF496 /* CCActionTween.h */ = {isa = PBXFileReference; lastKnownFileType = sourcecode.c.h; name = CCActionTween.h; path = libs/cocos2d/CCActionTween.h; sourceTree = "<group>"; };
		090A23781487D18C005AF496 /* CCActionTween.m */ = {isa = PBXFileReference; lastKnownFileType = sourcecode.c.objc; name = CCActionTween.m; path = libs/cocos2d/CCActionTween.m; sourceTree = "<group>"; };
		090A237A1487D18C005AF496 /* CCAnimation.h */ = {isa = PBXFileReference; lastKnownFileType = sourcecode.c.h; name = CCAnimation.h; path = libs/cocos2d/CCAnimation.h; sourceTree = "<group>"; };
		090A237B1487D18C005AF496 /* CCAnimation.m */ = {isa = PBXFileReference; lastKnownFileType = sourcecode.c.objc; name = CCAnimation.m; path = libs/cocos2d/CCAnimation.m; sourceTree = "<group>"; };
		090A237D1487D18C005AF496 /* CCAnimationCache.h */ = {isa = PBXFileReference; lastKnownFileType = sourcecode.c.h; name = CCAnimationCache.h; path = libs/cocos2d/CCAnimationCache.h; sourceTree = "<group>"; };
		090A237E1487D18C005AF496 /* CCAnimationCache.m */ = {isa = PBXFileReference; lastKnownFileType = sourcecode.c.objc; name = CCAnimationCache.m; path = libs/cocos2d/CCAnimationCache.m; sourceTree = "<group>"; };
		090A23801487D18C005AF496 /* CCAtlasNode.h */ = {isa = PBXFileReference; lastKnownFileType = sourcecode.c.h; name = CCAtlasNode.h; path = libs/cocos2d/CCAtlasNode.h; sourceTree = "<group>"; };
		090A23811487D18C005AF496 /* CCAtlasNode.m */ = {isa = PBXFileReference; lastKnownFileType = sourcecode.c.objc; name = CCAtlasNode.m; path = libs/cocos2d/CCAtlasNode.m; sourceTree = "<group>"; };
		090A23831487D18C005AF496 /* CCBlockSupport.h */ = {isa = PBXFileReference; lastKnownFileType = sourcecode.c.h; name = CCBlockSupport.h; path = libs/cocos2d/CCBlockSupport.h; sourceTree = "<group>"; };
		090A23841487D18C005AF496 /* CCBlockSupport.m */ = {isa = PBXFileReference; lastKnownFileType = sourcecode.c.objc; name = CCBlockSupport.m; path = libs/cocos2d/CCBlockSupport.m; sourceTree = "<group>"; };
		090A23861487D18C005AF496 /* CCCamera.h */ = {isa = PBXFileReference; lastKnownFileType = sourcecode.c.h; name = CCCamera.h; path = libs/cocos2d/CCCamera.h; sourceTree = "<group>"; };
		090A23871487D18C005AF496 /* CCCamera.m */ = {isa = PBXFileReference; lastKnownFileType = sourcecode.c.objc; name = CCCamera.m; path = libs/cocos2d/CCCamera.m; sourceTree = "<group>"; };
		090A23891487D18C005AF496 /* ccConfig.h */ = {isa = PBXFileReference; lastKnownFileType = sourcecode.c.h; name = ccConfig.h; path = libs/cocos2d/ccConfig.h; sourceTree = "<group>"; };
		090A238A1487D18C005AF496 /* CCConfiguration.h */ = {isa = PBXFileReference; lastKnownFileType = sourcecode.c.h; name = CCConfiguration.h; path = libs/cocos2d/CCConfiguration.h; sourceTree = "<group>"; };
		090A238B1487D18C005AF496 /* CCConfiguration.m */ = {isa = PBXFileReference; lastKnownFileType = sourcecode.c.objc; name = CCConfiguration.m; path = libs/cocos2d/CCConfiguration.m; sourceTree = "<group>"; };
		090A238D1487D18C005AF496 /* CCDirector.h */ = {isa = PBXFileReference; lastKnownFileType = sourcecode.c.h; name = CCDirector.h; path = libs/cocos2d/CCDirector.h; sourceTree = "<group>"; };
		090A238E1487D18C005AF496 /* CCDirector.m */ = {isa = PBXFileReference; lastKnownFileType = sourcecode.c.objc; name = CCDirector.m; path = libs/cocos2d/CCDirector.m; sourceTree = "<group>"; };
		090A23901487D18C005AF496 /* CCDrawingPrimitives.h */ = {isa = PBXFileReference; lastKnownFileType = sourcecode.c.h; name = CCDrawingPrimitives.h; path = libs/cocos2d/CCDrawingPrimitives.h; sourceTree = "<group>"; };
		090A23911487D18C005AF496 /* CCDrawingPrimitives.m */ = {isa = PBXFileReference; lastKnownFileType = sourcecode.c.objc; name = CCDrawingPrimitives.m; path = libs/cocos2d/CCDrawingPrimitives.m; sourceTree = "<group>"; };
		090A23931487D18C005AF496 /* CCGrabber.h */ = {isa = PBXFileReference; lastKnownFileType = sourcecode.c.h; name = CCGrabber.h; path = libs/cocos2d/CCGrabber.h; sourceTree = "<group>"; };
		090A23941487D18C005AF496 /* CCGrabber.m */ = {isa = PBXFileReference; lastKnownFileType = sourcecode.c.objc; name = CCGrabber.m; path = libs/cocos2d/CCGrabber.m; sourceTree = "<group>"; };
		090A23961487D18C005AF496 /* CCGrid.h */ = {isa = PBXFileReference; lastKnownFileType = sourcecode.c.h; name = CCGrid.h; path = libs/cocos2d/CCGrid.h; sourceTree = "<group>"; };
		090A23971487D18C005AF496 /* CCGrid.m */ = {isa = PBXFileReference; lastKnownFileType = sourcecode.c.objc; name = CCGrid.m; path = libs/cocos2d/CCGrid.m; sourceTree = "<group>"; };
		090A23991487D18C005AF496 /* CCLabelAtlas.h */ = {isa = PBXFileReference; lastKnownFileType = sourcecode.c.h; name = CCLabelAtlas.h; path = libs/cocos2d/CCLabelAtlas.h; sourceTree = "<group>"; };
		090A239A1487D18C005AF496 /* CCLabelAtlas.m */ = {isa = PBXFileReference; lastKnownFileType = sourcecode.c.objc; name = CCLabelAtlas.m; path = libs/cocos2d/CCLabelAtlas.m; sourceTree = "<group>"; };
		090A239C1487D18C005AF496 /* CCLabelBMFont.h */ = {isa = PBXFileReference; lastKnownFileType = sourcecode.c.h; name = CCLabelBMFont.h; path = libs/cocos2d/CCLabelBMFont.h; sourceTree = "<group>"; };
		090A239D1487D18C005AF496 /* CCLabelBMFont.m */ = {isa = PBXFileReference; lastKnownFileType = sourcecode.c.objc; name = CCLabelBMFont.m; path = libs/cocos2d/CCLabelBMFont.m; sourceTree = "<group>"; };
		090A239F1487D18C005AF496 /* CCLabelTTF.h */ = {isa = PBXFileReference; lastKnownFileType = sourcecode.c.h; name = CCLabelTTF.h; path = libs/cocos2d/CCLabelTTF.h; sourceTree = "<group>"; };
		090A23A01487D18C005AF496 /* CCLabelTTF.m */ = {isa = PBXFileReference; lastKnownFileType = sourcecode.c.objc; name = CCLabelTTF.m; path = libs/cocos2d/CCLabelTTF.m; sourceTree = "<group>"; };
		090A23A21487D18C005AF496 /* CCLayer.h */ = {isa = PBXFileReference; lastKnownFileType = sourcecode.c.h; name = CCLayer.h; path = libs/cocos2d/CCLayer.h; sourceTree = "<group>"; };
		090A23A31487D18C005AF496 /* CCLayer.m */ = {isa = PBXFileReference; lastKnownFileType = sourcecode.c.objc; name = CCLayer.m; path = libs/cocos2d/CCLayer.m; sourceTree = "<group>"; };
		090A23A51487D18C005AF496 /* ccMacros.h */ = {isa = PBXFileReference; lastKnownFileType = sourcecode.c.h; name = ccMacros.h; path = libs/cocos2d/ccMacros.h; sourceTree = "<group>"; };
		090A23A61487D18C005AF496 /* CCMenu.h */ = {isa = PBXFileReference; lastKnownFileType = sourcecode.c.h; name = CCMenu.h; path = libs/cocos2d/CCMenu.h; sourceTree = "<group>"; };
		090A23A71487D18C005AF496 /* CCMenu.m */ = {isa = PBXFileReference; lastKnownFileType = sourcecode.c.objc; name = CCMenu.m; path = libs/cocos2d/CCMenu.m; sourceTree = "<group>"; };
		090A23A91487D18C005AF496 /* CCMenuItem.h */ = {isa = PBXFileReference; lastKnownFileType = sourcecode.c.h; name = CCMenuItem.h; path = libs/cocos2d/CCMenuItem.h; sourceTree = "<group>"; };
		090A23AA1487D18C005AF496 /* CCMenuItem.m */ = {isa = PBXFileReference; lastKnownFileType = sourcecode.c.objc; name = CCMenuItem.m; path = libs/cocos2d/CCMenuItem.m; sourceTree = "<group>"; };
		090A23AC1487D18C005AF496 /* CCMotionStreak.h */ = {isa = PBXFileReference; lastKnownFileType = sourcecode.c.h; name = CCMotionStreak.h; path = libs/cocos2d/CCMotionStreak.h; sourceTree = "<group>"; };
		090A23AD1487D18C005AF496 /* CCMotionStreak.m */ = {isa = PBXFileReference; lastKnownFileType = sourcecode.c.objc; name = CCMotionStreak.m; path = libs/cocos2d/CCMotionStreak.m; sourceTree = "<group>"; };
		090A23AF1487D18C005AF496 /* CCNode.h */ = {isa = PBXFileReference; lastKnownFileType = sourcecode.c.h; name = CCNode.h; path = libs/cocos2d/CCNode.h; sourceTree = "<group>"; };
		090A23B01487D18C005AF496 /* CCNode.m */ = {isa = PBXFileReference; lastKnownFileType = sourcecode.c.objc; name = CCNode.m; path = libs/cocos2d/CCNode.m; sourceTree = "<group>"; };
		090A23B21487D18C005AF496 /* CCParallaxNode.h */ = {isa = PBXFileReference; lastKnownFileType = sourcecode.c.h; name = CCParallaxNode.h; path = libs/cocos2d/CCParallaxNode.h; sourceTree = "<group>"; };
		090A23B31487D18C005AF496 /* CCParallaxNode.m */ = {isa = PBXFileReference; lastKnownFileType = sourcecode.c.objc; name = CCParallaxNode.m; path = libs/cocos2d/CCParallaxNode.m; sourceTree = "<group>"; };
		090A23B51487D18C005AF496 /* CCParticleBatchNode.h */ = {isa = PBXFileReference; lastKnownFileType = sourcecode.c.h; name = CCParticleBatchNode.h; path = libs/cocos2d/CCParticleBatchNode.h; sourceTree = "<group>"; };
		090A23B61487D18C005AF496 /* CCParticleBatchNode.m */ = {isa = PBXFileReference; lastKnownFileType = sourcecode.c.objc; name = CCParticleBatchNode.m; path = libs/cocos2d/CCParticleBatchNode.m; sourceTree = "<group>"; };
		090A23B81487D18C005AF496 /* CCParticleExamples.h */ = {isa = PBXFileReference; lastKnownFileType = sourcecode.c.h; name = CCParticleExamples.h; path = libs/cocos2d/CCParticleExamples.h; sourceTree = "<group>"; };
		090A23B91487D18C005AF496 /* CCParticleExamples.m */ = {isa = PBXFileReference; lastKnownFileType = sourcecode.c.objc; name = CCParticleExamples.m; path = libs/cocos2d/CCParticleExamples.m; sourceTree = "<group>"; };
		090A23BB1487D18C005AF496 /* CCParticleSystem.h */ = {isa = PBXFileReference; lastKnownFileType = sourcecode.c.h; name = CCParticleSystem.h; path = libs/cocos2d/CCParticleSystem.h; sourceTree = "<group>"; };
		090A23BC1487D18C005AF496 /* CCParticleSystem.m */ = {isa = PBXFileReference; lastKnownFileType = sourcecode.c.objc; name = CCParticleSystem.m; path = libs/cocos2d/CCParticleSystem.m; sourceTree = "<group>"; };
		090A23BE1487D18C005AF496 /* CCParticleSystemPoint.h */ = {isa = PBXFileReference; lastKnownFileType = sourcecode.c.h; name = CCParticleSystemPoint.h; path = libs/cocos2d/CCParticleSystemPoint.h; sourceTree = "<group>"; };
		090A23BF1487D18C005AF496 /* CCParticleSystemPoint.m */ = {isa = PBXFileReference; lastKnownFileType = sourcecode.c.objc; name = CCParticleSystemPoint.m; path = libs/cocos2d/CCParticleSystemPoint.m; sourceTree = "<group>"; };
		090A23C11487D18C005AF496 /* CCParticleSystemQuad.h */ = {isa = PBXFileReference; lastKnownFileType = sourcecode.c.h; name = CCParticleSystemQuad.h; path = libs/cocos2d/CCParticleSystemQuad.h; sourceTree = "<group>"; };
		090A23C21487D18D005AF496 /* CCParticleSystemQuad.m */ = {isa = PBXFileReference; lastKnownFileType = sourcecode.c.objc; name = CCParticleSystemQuad.m; path = libs/cocos2d/CCParticleSystemQuad.m; sourceTree = "<group>"; };
		090A23C41487D18D005AF496 /* CCProgressTimer.h */ = {isa = PBXFileReference; lastKnownFileType = sourcecode.c.h; name = CCProgressTimer.h; path = libs/cocos2d/CCProgressTimer.h; sourceTree = "<group>"; };
		090A23C51487D18D005AF496 /* CCProgressTimer.m */ = {isa = PBXFileReference; lastKnownFileType = sourcecode.c.objc; name = CCProgressTimer.m; path = libs/cocos2d/CCProgressTimer.m; sourceTree = "<group>"; };
		090A23C71487D18D005AF496 /* CCProtocols.h */ = {isa = PBXFileReference; lastKnownFileType = sourcecode.c.h; name = CCProtocols.h; path = libs/cocos2d/CCProtocols.h; sourceTree = "<group>"; };
		090A23C81487D18D005AF496 /* CCRenderTexture.h */ = {isa = PBXFileReference; lastKnownFileType = sourcecode.c.h; name = CCRenderTexture.h; path = libs/cocos2d/CCRenderTexture.h; sourceTree = "<group>"; };
		090A23C91487D18D005AF496 /* CCRenderTexture.m */ = {isa = PBXFileReference; lastKnownFileType = sourcecode.c.objc; name = CCRenderTexture.m; path = libs/cocos2d/CCRenderTexture.m; sourceTree = "<group>"; };
		090A23CB1487D18D005AF496 /* CCRibbon.h */ = {isa = PBXFileReference; lastKnownFileType = sourcecode.c.h; name = CCRibbon.h; path = libs/cocos2d/CCRibbon.h; sourceTree = "<group>"; };
		090A23CC1487D18D005AF496 /* CCRibbon.m */ = {isa = PBXFileReference; lastKnownFileType = sourcecode.c.objc; name = CCRibbon.m; path = libs/cocos2d/CCRibbon.m; sourceTree = "<group>"; };
		090A23CE1487D18D005AF496 /* CCScene.h */ = {isa = PBXFileReference; lastKnownFileType = sourcecode.c.h; name = CCScene.h; path = libs/cocos2d/CCScene.h; sourceTree = "<group>"; };
		090A23CF1487D18D005AF496 /* CCScene.m */ = {isa = PBXFileReference; lastKnownFileType = sourcecode.c.objc; name = CCScene.m; path = libs/cocos2d/CCScene.m; sourceTree = "<group>"; };
		090A23D11487D18D005AF496 /* CCScheduler.h */ = {isa = PBXFileReference; lastKnownFileType = sourcecode.c.h; name = CCScheduler.h; path = libs/cocos2d/CCScheduler.h; sourceTree = "<group>"; };
		090A23D21487D18D005AF496 /* CCScheduler.m */ = {isa = PBXFileReference; lastKnownFileType = sourcecode.c.objc; name = CCScheduler.m; path = libs/cocos2d/CCScheduler.m; sourceTree = "<group>"; };
		090A23D41487D18D005AF496 /* CCSprite.h */ = {isa = PBXFileReference; lastKnownFileType = sourcecode.c.h; name = CCSprite.h; path = libs/cocos2d/CCSprite.h; sourceTree = "<group>"; };
		090A23D51487D18D005AF496 /* CCSprite.m */ = {isa = PBXFileReference; lastKnownFileType = sourcecode.c.objc; name = CCSprite.m; path = libs/cocos2d/CCSprite.m; sourceTree = "<group>"; };
		090A23D71487D18D005AF496 /* CCSpriteBatchNode.h */ = {isa = PBXFileReference; lastKnownFileType = sourcecode.c.h; name = CCSpriteBatchNode.h; path = libs/cocos2d/CCSpriteBatchNode.h; sourceTree = "<group>"; };
		090A23D81487D18D005AF496 /* CCSpriteBatchNode.m */ = {isa = PBXFileReference; lastKnownFileType = sourcecode.c.objc; name = CCSpriteBatchNode.m; path = libs/cocos2d/CCSpriteBatchNode.m; sourceTree = "<group>"; };
		090A23DA1487D18D005AF496 /* CCSpriteFrame.h */ = {isa = PBXFileReference; lastKnownFileType = sourcecode.c.h; name = CCSpriteFrame.h; path = libs/cocos2d/CCSpriteFrame.h; sourceTree = "<group>"; };
		090A23DB1487D18D005AF496 /* CCSpriteFrame.m */ = {isa = PBXFileReference; lastKnownFileType = sourcecode.c.objc; name = CCSpriteFrame.m; path = libs/cocos2d/CCSpriteFrame.m; sourceTree = "<group>"; };
		090A23DD1487D18D005AF496 /* CCSpriteFrameCache.h */ = {isa = PBXFileReference; lastKnownFileType = sourcecode.c.h; name = CCSpriteFrameCache.h; path = libs/cocos2d/CCSpriteFrameCache.h; sourceTree = "<group>"; };
		090A23DE1487D18D005AF496 /* CCSpriteFrameCache.m */ = {isa = PBXFileReference; lastKnownFileType = sourcecode.c.objc; name = CCSpriteFrameCache.m; path = libs/cocos2d/CCSpriteFrameCache.m; sourceTree = "<group>"; };
		090A23E01487D18D005AF496 /* CCTexture2D.h */ = {isa = PBXFileReference; lastKnownFileType = sourcecode.c.h; name = CCTexture2D.h; path = libs/cocos2d/CCTexture2D.h; sourceTree = "<group>"; };
		090A23E11487D18D005AF496 /* CCTexture2D.m */ = {isa = PBXFileReference; lastKnownFileType = sourcecode.c.objc; name = CCTexture2D.m; path = libs/cocos2d/CCTexture2D.m; sourceTree = "<group>"; };
		090A23E31487D18D005AF496 /* CCTextureAtlas.h */ = {isa = PBXFileReference; lastKnownFileType = sourcecode.c.h; name = CCTextureAtlas.h; path = libs/cocos2d/CCTextureAtlas.h; sourceTree = "<group>"; };
		090A23E41487D18D005AF496 /* CCTextureAtlas.m */ = {isa = PBXFileReference; lastKnownFileType = sourcecode.c.objc; name = CCTextureAtlas.m; path = libs/cocos2d/CCTextureAtlas.m; sourceTree = "<group>"; };
		090A23E61487D18D005AF496 /* CCTextureCache.h */ = {isa = PBXFileReference; lastKnownFileType = sourcecode.c.h; name = CCTextureCache.h; path = libs/cocos2d/CCTextureCache.h; sourceTree = "<group>"; };
		090A23E71487D18D005AF496 /* CCTextureCache.m */ = {isa = PBXFileReference; lastKnownFileType = sourcecode.c.objc; name = CCTextureCache.m; path = libs/cocos2d/CCTextureCache.m; sourceTree = "<group>"; };
		090A23E91487D18D005AF496 /* CCTexturePVR.h */ = {isa = PBXFileReference; lastKnownFileType = sourcecode.c.h; name = CCTexturePVR.h; path = libs/cocos2d/CCTexturePVR.h; sourceTree = "<group>"; };
		090A23EA1487D18D005AF496 /* CCTexturePVR.m */ = {isa = PBXFileReference; lastKnownFileType = sourcecode.c.objc; name = CCTexturePVR.m; path = libs/cocos2d/CCTexturePVR.m; sourceTree = "<group>"; };
		090A23EC1487D18D005AF496 /* CCTileMapAtlas.h */ = {isa = PBXFileReference; lastKnownFileType = sourcecode.c.h; name = CCTileMapAtlas.h; path = libs/cocos2d/CCTileMapAtlas.h; sourceTree = "<group>"; };
		090A23ED1487D18D005AF496 /* CCTileMapAtlas.m */ = {isa = PBXFileReference; lastKnownFileType = sourcecode.c.objc; name = CCTileMapAtlas.m; path = libs/cocos2d/CCTileMapAtlas.m; sourceTree = "<group>"; };
		090A23EF1487D18D005AF496 /* CCTMXLayer.h */ = {isa = PBXFileReference; lastKnownFileType = sourcecode.c.h; name = CCTMXLayer.h; path = libs/cocos2d/CCTMXLayer.h; sourceTree = "<group>"; };
		090A23F01487D18D005AF496 /* CCTMXLayer.m */ = {isa = PBXFileReference; lastKnownFileType = sourcecode.c.objc; name = CCTMXLayer.m; path = libs/cocos2d/CCTMXLayer.m; sourceTree = "<group>"; };
		090A23F21487D18D005AF496 /* CCTMXObjectGroup.h */ = {isa = PBXFileReference; lastKnownFileType = sourcecode.c.h; name = CCTMXObjectGroup.h; path = libs/cocos2d/CCTMXObjectGroup.h; sourceTree = "<group>"; };
		090A23F31487D18D005AF496 /* CCTMXObjectGroup.m */ = {isa = PBXFileReference; lastKnownFileType = sourcecode.c.objc; name = CCTMXObjectGroup.m; path = libs/cocos2d/CCTMXObjectGroup.m; sourceTree = "<group>"; };
		090A23F51487D18D005AF496 /* CCTMXTiledMap.h */ = {isa = PBXFileReference; lastKnownFileType = sourcecode.c.h; name = CCTMXTiledMap.h; path = libs/cocos2d/CCTMXTiledMap.h; sourceTree = "<group>"; };
		090A23F61487D18D005AF496 /* CCTMXTiledMap.m */ = {isa = PBXFileReference; lastKnownFileType = sourcecode.c.objc; name = CCTMXTiledMap.m; path = libs/cocos2d/CCTMXTiledMap.m; sourceTree = "<group>"; };
		090A23F81487D18D005AF496 /* CCTMXXMLParser.h */ = {isa = PBXFileReference; lastKnownFileType = sourcecode.c.h; name = CCTMXXMLParser.h; path = libs/cocos2d/CCTMXXMLParser.h; sourceTree = "<group>"; };
		090A23F91487D18D005AF496 /* CCTMXXMLParser.m */ = {isa = PBXFileReference; lastKnownFileType = sourcecode.c.objc; name = CCTMXXMLParser.m; path = libs/cocos2d/CCTMXXMLParser.m; sourceTree = "<group>"; };
		090A23FB1487D18D005AF496 /* CCTransition.h */ = {isa = PBXFileReference; lastKnownFileType = sourcecode.c.h; name = CCTransition.h; path = libs/cocos2d/CCTransition.h; sourceTree = "<group>"; };
		090A23FC1487D18D005AF496 /* CCTransition.m */ = {isa = PBXFileReference; lastKnownFileType = sourcecode.c.objc; name = CCTransition.m; path = libs/cocos2d/CCTransition.m; sourceTree = "<group>"; };
		090A23FE1487D18D005AF496 /* CCTransitionPageTurn.h */ = {isa = PBXFileReference; lastKnownFileType = sourcecode.c.h; name = CCTransitionPageTurn.h; path = libs/cocos2d/CCTransitionPageTurn.h; sourceTree = "<group>"; };
		090A23FF1487D18D005AF496 /* CCTransitionPageTurn.m */ = {isa = PBXFileReference; lastKnownFileType = sourcecode.c.objc; name = CCTransitionPageTurn.m; path = libs/cocos2d/CCTransitionPageTurn.m; sourceTree = "<group>"; };
		090A24011487D18D005AF496 /* CCTransitionRadial.h */ = {isa = PBXFileReference; lastKnownFileType = sourcecode.c.h; name = CCTransitionRadial.h; path = libs/cocos2d/CCTransitionRadial.h; sourceTree = "<group>"; };
		090A24021487D18D005AF496 /* CCTransitionRadial.m */ = {isa = PBXFileReference; lastKnownFileType = sourcecode.c.objc; name = CCTransitionRadial.m; path = libs/cocos2d/CCTransitionRadial.m; sourceTree = "<group>"; };
		090A24041487D18D005AF496 /* ccTypes.h */ = {isa = PBXFileReference; lastKnownFileType = sourcecode.c.h; name = ccTypes.h; path = libs/cocos2d/ccTypes.h; sourceTree = "<group>"; };
		090A24051487D18D005AF496 /* cocos2d.h */ = {isa = PBXFileReference; lastKnownFileType = sourcecode.c.h; name = cocos2d.h; path = libs/cocos2d/cocos2d.h; sourceTree = "<group>"; };
		090A24061487D18D005AF496 /* cocos2d.m */ = {isa = PBXFileReference; lastKnownFileType = sourcecode.c.objc; name = cocos2d.m; path = libs/cocos2d/cocos2d.m; sourceTree = "<group>"; };
		090A24091487D18D005AF496 /* CCGL.h */ = {isa = PBXFileReference; lastKnownFileType = sourcecode.c.h; name = CCGL.h; path = libs/cocos2d/Platforms/CCGL.h; sourceTree = "<group>"; };
		090A240A1487D18D005AF496 /* CCNS.h */ = {isa = PBXFileReference; lastKnownFileType = sourcecode.c.h; name = CCNS.h; path = libs/cocos2d/Platforms/CCNS.h; sourceTree = "<group>"; };
		090A240C1487D18D005AF496 /* CCDirectorIOS.h */ = {isa = PBXFileReference; lastKnownFileType = sourcecode.c.h; name = CCDirectorIOS.h; path = libs/cocos2d/Platforms/iOS/CCDirectorIOS.h; sourceTree = "<group>"; };
		090A240D1487D18D005AF496 /* CCDirectorIOS.m */ = {isa = PBXFileReference; lastKnownFileType = sourcecode.c.objc; name = CCDirectorIOS.m; path = libs/cocos2d/Platforms/iOS/CCDirectorIOS.m; sourceTree = "<group>"; };
		090A240F1487D18D005AF496 /* CCTouchDelegateProtocol.h */ = {isa = PBXFileReference; lastKnownFileType = sourcecode.c.h; name = CCTouchDelegateProtocol.h; path = libs/cocos2d/Platforms/iOS/CCTouchDelegateProtocol.h; sourceTree = "<group>"; };
		090A24101487D18D005AF496 /* CCTouchDispatcher.h */ = {isa = PBXFileReference; lastKnownFileType = sourcecode.c.h; name = CCTouchDispatcher.h; path = libs/cocos2d/Platforms/iOS/CCTouchDispatcher.h; sourceTree = "<group>"; };
		090A24111487D18D005AF496 /* CCTouchDispatcher.m */ = {isa = PBXFileReference; lastKnownFileType = sourcecode.c.objc; name = CCTouchDispatcher.m; path = libs/cocos2d/Platforms/iOS/CCTouchDispatcher.m; sourceTree = "<group>"; };
		090A24131487D18D005AF496 /* CCTouchHandler.h */ = {isa = PBXFileReference; lastKnownFileType = sourcecode.c.h; name = CCTouchHandler.h; path = libs/cocos2d/Platforms/iOS/CCTouchHandler.h; sourceTree = "<group>"; };
		090A24141487D18D005AF496 /* CCTouchHandler.m */ = {isa = PBXFileReference; lastKnownFileType = sourcecode.c.objc; name = CCTouchHandler.m; path = libs/cocos2d/Platforms/iOS/CCTouchHandler.m; sourceTree = "<group>"; };
		090A24161487D18D005AF496 /* EAGLView.h */ = {isa = PBXFileReference; lastKnownFileType = sourcecode.c.h; name = EAGLView.h; path = libs/cocos2d/Platforms/iOS/EAGLView.h; sourceTree = "<group>"; };
		090A24171487D18D005AF496 /* EAGLView.m */ = {isa = PBXFileReference; lastKnownFileType = sourcecode.c.objc; name = EAGLView.m; path = libs/cocos2d/Platforms/iOS/EAGLView.m; sourceTree = "<group>"; };
		090A24191487D18D005AF496 /* ES1Renderer.h */ = {isa = PBXFileReference; lastKnownFileType = sourcecode.c.h; name = ES1Renderer.h; path = libs/cocos2d/Platforms/iOS/ES1Renderer.h; sourceTree = "<group>"; };
		090A241A1487D18D005AF496 /* ES1Renderer.m */ = {isa = PBXFileReference; lastKnownFileType = sourcecode.c.objc; name = ES1Renderer.m; path = libs/cocos2d/Platforms/iOS/ES1Renderer.m; sourceTree = "<group>"; };
		090A241C1487D18D005AF496 /* ESRenderer.h */ = {isa = PBXFileReference; lastKnownFileType = sourcecode.c.h; name = ESRenderer.h; path = libs/cocos2d/Platforms/iOS/ESRenderer.h; sourceTree = "<group>"; };
		090A241D1487D18D005AF496 /* glu.c */ = {isa = PBXFileReference; lastKnownFileType = sourcecode.c.c; name = glu.c; path = libs/cocos2d/Platforms/iOS/glu.c; sourceTree = "<group>"; };
		090A241F1487D18D005AF496 /* glu.h */ = {isa = PBXFileReference; lastKnownFileType = sourcecode.c.h; name = glu.h; path = libs/cocos2d/Platforms/iOS/glu.h; sourceTree = "<group>"; };
		090A24211487D18D005AF496 /* CCDirectorMac.h */ = {isa = PBXFileReference; lastKnownFileType = sourcecode.c.h; name = CCDirectorMac.h; path = libs/cocos2d/Platforms/Mac/CCDirectorMac.h; sourceTree = "<group>"; };
		090A24221487D18E005AF496 /* CCDirectorMac.m */ = {isa = PBXFileReference; lastKnownFileType = sourcecode.c.objc; name = CCDirectorMac.m; path = libs/cocos2d/Platforms/Mac/CCDirectorMac.m; sourceTree = "<group>"; };
		090A24241487D18E005AF496 /* CCEventDispatcher.h */ = {isa = PBXFileReference; lastKnownFileType = sourcecode.c.h; name = CCEventDispatcher.h; path = libs/cocos2d/Platforms/Mac/CCEventDispatcher.h; sourceTree = "<group>"; };
		090A24251487D18E005AF496 /* CCEventDispatcher.m */ = {isa = PBXFileReference; lastKnownFileType = sourcecode.c.objc; name = CCEventDispatcher.m; path = libs/cocos2d/Platforms/Mac/CCEventDispatcher.m; sourceTree = "<group>"; };
		090A24271487D18E005AF496 /* MacGLView.h */ = {isa = PBXFileReference; lastKnownFileType = sourcecode.c.h; name = MacGLView.h; path = libs/cocos2d/Platforms/Mac/MacGLView.h; sourceTree = "<group>"; };
		090A24281487D18E005AF496 /* MacGLView.m */ = {isa = PBXFileReference; lastKnownFileType = sourcecode.c.objc; name = MacGLView.m; path = libs/cocos2d/Platforms/Mac/MacGLView.m; sourceTree = "<group>"; };
		090A242A1487D18E005AF496 /* MacWindow.h */ = {isa = PBXFileReference; lastKnownFileType = sourcecode.c.h; name = MacWindow.h; path = libs/cocos2d/Platforms/Mac/MacWindow.h; sourceTree = "<group>"; };
		090A242B1487D18E005AF496 /* MacWindow.m */ = {isa = PBXFileReference; lastKnownFileType = sourcecode.c.objc; name = MacWindow.m; path = libs/cocos2d/Platforms/Mac/MacWindow.m; sourceTree = "<group>"; };
		090A242E1487D18E005AF496 /* base64.c */ = {isa = PBXFileReference; lastKnownFileType = sourcecode.c.c; name = base64.c; path = libs/cocos2d/Support/base64.c; sourceTree = "<group>"; };
		090A24301487D18E005AF496 /* base64.h */ = {isa = PBXFileReference; lastKnownFileType = sourcecode.c.h; name = base64.h; path = libs/cocos2d/Support/base64.h; sourceTree = "<group>"; };
		090A24311487D18E005AF496 /* CCArray.h */ = {isa = PBXFileReference; lastKnownFileType = sourcecode.c.h; name = CCArray.h; path = libs/cocos2d/Support/CCArray.h; sourceTree = "<group>"; };
		090A24321487D18E005AF496 /* CCArray.m */ = {isa = PBXFileReference; lastKnownFileType = sourcecode.c.objc; name = CCArray.m; path = libs/cocos2d/Support/CCArray.m; sourceTree = "<group>"; };
		090A24341487D18E005AF496 /* ccCArray.h */ = {isa = PBXFileReference; lastKnownFileType = sourcecode.c.h; name = ccCArray.h; path = libs/cocos2d/Support/ccCArray.h; sourceTree = "<group>"; };
		090A24351487D18E005AF496 /* CCFileUtils.h */ = {isa = PBXFileReference; lastKnownFileType = sourcecode.c.h; name = CCFileUtils.h; path = libs/cocos2d/Support/CCFileUtils.h; sourceTree = "<group>"; };
		090A24361487D18E005AF496 /* CCFileUtils.m */ = {isa = PBXFileReference; lastKnownFileType = sourcecode.c.objc; name = CCFileUtils.m; path = libs/cocos2d/Support/CCFileUtils.m; sourceTree = "<group>"; };
		090A24381487D18E005AF496 /* CCProfiling.h */ = {isa = PBXFileReference; lastKnownFileType = sourcecode.c.h; name = CCProfiling.h; path = libs/cocos2d/Support/CCProfiling.h; sourceTree = "<group>"; };
		090A24391487D18E005AF496 /* CCProfiling.m */ = {isa = PBXFileReference; lastKnownFileType = sourcecode.c.objc; name = CCProfiling.m; path = libs/cocos2d/Support/CCProfiling.m; sourceTree = "<group>"; };
		090A243B1487D18E005AF496 /* ccUtils.c */ = {isa = PBXFileReference; lastKnownFileType = sourcecode.c.c; name = ccUtils.c; path = libs/cocos2d/Support/ccUtils.c; sourceTree = "<group>"; };
		090A243D1487D18E005AF496 /* ccUtils.h */ = {isa = PBXFileReference; lastKnownFileType = sourcecode.c.h; name = ccUtils.h; path = libs/cocos2d/Support/ccUtils.h; sourceTree = "<group>"; };
		090A243E1487D18E005AF496 /* CGPointExtension.h */ = {isa = PBXFileReference; lastKnownFileType = sourcecode.c.h; name = CGPointExtension.h; path = libs/cocos2d/Support/CGPointExtension.h; sourceTree = "<group>"; };
		090A243F1487D18E005AF496 /* CGPointExtension.m */ = {isa = PBXFileReference; lastKnownFileType = sourcecode.c.objc; name = CGPointExtension.m; path = libs/cocos2d/Support/CGPointExtension.m; sourceTree = "<group>"; };
		090A24411487D18E005AF496 /* OpenGL_Internal.h */ = {isa = PBXFileReference; lastKnownFileType = sourcecode.c.h; name = OpenGL_Internal.h; path = libs/cocos2d/Support/OpenGL_Internal.h; sourceTree = "<group>"; };
		090A24421487D18E005AF496 /* TGAlib.h */ = {isa = PBXFileReference; lastKnownFileType = sourcecode.c.h; name = TGAlib.h; path = libs/cocos2d/Support/TGAlib.h; sourceTree = "<group>"; };
		090A24431487D18E005AF496 /* TGAlib.m */ = {isa = PBXFileReference; lastKnownFileType = sourcecode.c.objc; name = TGAlib.m; path = libs/cocos2d/Support/TGAlib.m; sourceTree = "<group>"; };
		090A24451487D18E005AF496 /* TransformUtils.h */ = {isa = PBXFileReference; lastKnownFileType = sourcecode.c.h; name = TransformUtils.h; path = libs/cocos2d/Support/TransformUtils.h; sourceTree = "<group>"; };
		090A24461487D18E005AF496 /* TransformUtils.m */ = {isa = PBXFileReference; lastKnownFileType = sourcecode.c.objc; name = TransformUtils.m; path = libs/cocos2d/Support/TransformUtils.m; sourceTree = "<group>"; };
		090A24481487D18E005AF496 /* uthash.h */ = {isa = PBXFileReference; lastKnownFileType = sourcecode.c.h; name = uthash.h; path = libs/cocos2d/Support/uthash.h; sourceTree = "<group>"; };
		090A24491487D18E005AF496 /* utlist.h */ = {isa = PBXFileReference; lastKnownFileType = sourcecode.c.h; name = utlist.h; path = libs/cocos2d/Support/utlist.h; sourceTree = "<group>"; };
		090A244A1487D18E005AF496 /* ZipUtils.h */ = {isa = PBXFileReference; lastKnownFileType = sourcecode.c.h; name = ZipUtils.h; path = libs/cocos2d/Support/ZipUtils.h; sourceTree = "<group>"; };
		090A244B1487D18E005AF496 /* ZipUtils.m */ = {isa = PBXFileReference; lastKnownFileType = sourcecode.c.objc; name = ZipUtils.m; path = libs/cocos2d/Support/ZipUtils.m; sourceTree = "<group>"; };
		090A244D1487D18E005AF496 /* LICENSE_cocos2d.txt */ = {isa = PBXFileReference; lastKnownFileType = text; name = LICENSE_cocos2d.txt; path = libs/LICENSE_cocos2d.txt; sourceTree = "<group>"; };
		090A244F1487D18E005AF496 /* CDAudioManager.h */ = {isa = PBXFileReference; lastKnownFileType = sourcecode.c.h; name = CDAudioManager.h; path = libs/CocosDenshion/CDAudioManager.h; sourceTree = "<group>"; };
		090A24501487D18E005AF496 /* CDAudioManager.m */ = {isa = PBXFileReference; lastKnownFileType = sourcecode.c.objc; name = CDAudioManager.m; path = libs/CocosDenshion/CDAudioManager.m; sourceTree = "<group>"; };
		090A24521487D18E005AF496 /* CDConfig.h */ = {isa = PBXFileReference; lastKnownFileType = sourcecode.c.h; name = CDConfig.h; path = libs/CocosDenshion/CDConfig.h; sourceTree = "<group>"; };
		090A24531487D18E005AF496 /* CDOpenALSupport.h */ = {isa = PBXFileReference; lastKnownFileType = sourcecode.c.h; name = CDOpenALSupport.h; path = libs/CocosDenshion/CDOpenALSupport.h; sourceTree = "<group>"; };
		090A24541487D18E005AF496 /* CDOpenALSupport.m */ = {isa = PBXFileReference; lastKnownFileType = sourcecode.c.objc; name = CDOpenALSupport.m; path = libs/CocosDenshion/CDOpenALSupport.m; sourceTree = "<group>"; };
		090A24561487D18E005AF496 /* CocosDenshion.h */ = {isa = PBXFileReference; lastKnownFileType = sourcecode.c.h; name = CocosDenshion.h; path = libs/CocosDenshion/CocosDenshion.h; sourceTree = "<group>"; };
		090A24571487D18E005AF496 /* CocosDenshion.m */ = {isa = PBXFileReference; lastKnownFileType = sourcecode.c.objc; name = CocosDenshion.m; path = libs/CocosDenshion/CocosDenshion.m; sourceTree = "<group>"; };
		090A24591487D18E005AF496 /* SimpleAudioEngine.h */ = {isa = PBXFileReference; lastKnownFileType = sourcecode.c.h; name = SimpleAudioEngine.h; path = libs/CocosDenshion/SimpleAudioEngine.h; sourceTree = "<group>"; };
		090A245A1487D18E005AF496 /* SimpleAudioEngine.m */ = {isa = PBXFileReference; lastKnownFileType = sourcecode.c.objc; name = SimpleAudioEngine.m; path = libs/CocosDenshion/SimpleAudioEngine.m; sourceTree = "<group>"; };
		090A245C1487D18E005AF496 /* LICENSE_CocosDenshion.txt */ = {isa = PBXFileReference; lastKnownFileType = text; name = LICENSE_CocosDenshion.txt; path = libs/LICENSE_CocosDenshion.txt; sourceTree = "<group>"; };
		090A245E1487D18E005AF496 /* CLScoreServerPost.h */ = {isa = PBXFileReference; lastKnownFileType = sourcecode.c.h; name = CLScoreServerPost.h; path = libs/cocoslive/CLScoreServerPost.h; sourceTree = "<group>"; };
		090A245F1487D18E005AF496 /* CLScoreServerPost.m */ = {isa = PBXFileReference; lastKnownFileType = sourcecode.c.objc; name = CLScoreServerPost.m; path = libs/cocoslive/CLScoreServerPost.m; sourceTree = "<group>"; };
		090A24611487D18E005AF496 /* CLScoreServerRequest.h */ = {isa = PBXFileReference; lastKnownFileType = sourcecode.c.h; name = CLScoreServerRequest.h; path = libs/cocoslive/CLScoreServerRequest.h; sourceTree = "<group>"; };
		090A24621487D18E005AF496 /* CLScoreServerRequest.m */ = {isa = PBXFileReference; lastKnownFileType = sourcecode.c.objc; name = CLScoreServerRequest.m; path = libs/cocoslive/CLScoreServerRequest.m; sourceTree = "<group>"; };
		090A24641487D18E005AF496 /* cocoslive.h */ = {isa = PBXFileReference; lastKnownFileType = sourcecode.c.h; name = cocoslive.h; path = libs/cocoslive/cocoslive.h; sourceTree = "<group>"; };
		090A24651487D18E005AF496 /* cocoslive.m */ = {isa = PBXFileReference; lastKnownFileType = sourcecode.c.objc; name = cocoslive.m; path = libs/cocoslive/cocoslive.m; sourceTree = "<group>"; };
		090A24671487D18E005AF496 /* LICENSE_TouchJSON.txt */ = {isa = PBXFileReference; lastKnownFileType = text; name = LICENSE_TouchJSON.txt; path = libs/LICENSE_TouchJSON.txt; sourceTree = "<group>"; };
		090A24691487D18E005AF496 /* CDataScanner.h */ = {isa = PBXFileReference; lastKnownFileType = sourcecode.c.h; name = CDataScanner.h; path = libs/TouchJSON/CDataScanner.h; sourceTree = "<group>"; };
		090A246A1487D18E005AF496 /* CDataScanner.m */ = {isa = PBXFileReference; lastKnownFileType = sourcecode.c.objc; name = CDataScanner.m; path = libs/TouchJSON/CDataScanner.m; sourceTree = "<group>"; };
		090A246D1487D18E005AF496 /* CDataScanner_Extensions.h */ = {isa = PBXFileReference; lastKnownFileType = sourcecode.c.h; name = CDataScanner_Extensions.h; path = libs/TouchJSON/Extensions/CDataScanner_Extensions.h; sourceTree = "<group>"; };
		090A246E1487D18E005AF496 /* CDataScanner_Extensions.m */ = {isa = PBXFileReference; lastKnownFileType = sourcecode.c.objc; name = CDataScanner_Extensions.m; path = libs/TouchJSON/Extensions/CDataScanner_Extensions.m; sourceTree = "<group>"; };
		090A24701487D18E005AF496 /* NSDictionary_JSONExtensions.h */ = {isa = PBXFileReference; lastKnownFileType = sourcecode.c.h; name = NSDictionary_JSONExtensions.h; path = libs/TouchJSON/Extensions/NSDictionary_JSONExtensions.h; sourceTree = "<group>"; };
		090A24711487D18E005AF496 /* NSDictionary_JSONExtensions.m */ = {isa = PBXFileReference; lastKnownFileType = sourcecode.c.objc; name = NSDictionary_JSONExtensions.m; path = libs/TouchJSON/Extensions/NSDictionary_JSONExtensions.m; sourceTree = "<group>"; };
		090A24741487D18E005AF496 /* CJSONDeserializer.h */ = {isa = PBXFileReference; lastKnownFileType = sourcecode.c.h; name = CJSONDeserializer.h; path = libs/TouchJSON/JSON/CJSONDeserializer.h; sourceTree = "<group>"; };
		090A24751487D18E005AF496 /* CJSONDeserializer.m */ = {isa = PBXFileReference; lastKnownFileType = sourcecode.c.objc; name = CJSONDeserializer.m; path = libs/TouchJSON/JSON/CJSONDeserializer.m; sourceTree = "<group>"; };
		090A24771487D18E005AF496 /* CJSONScanner.h */ = {isa = PBXFileReference; lastKnownFileType = sourcecode.c.h; name = CJSONScanner.h; path = libs/TouchJSON/JSON/CJSONScanner.h; sourceTree = "<group>"; };
		090A24781487D18F005AF496 /* CJSONScanner.m */ = {isa = PBXFileReference; lastKnownFileType = sourcecode.c.objc; name = CJSONScanner.m; path = libs/TouchJSON/JSON/CJSONScanner.m; sourceTree = "<group>"; };
		090A247A1487D18F005AF496 /* CJSONSerializer.h */ = {isa = PBXFileReference; lastKnownFileType = sourcecode.c.h; name = CJSONSerializer.h; path = libs/TouchJSON/JSON/CJSONSerializer.h; sourceTree = "<group>"; };
		090A247B1487D18F005AF496 /* CJSONSerializer.m */ = {isa = PBXFileReference; lastKnownFileType = sourcecode.c.objc; name = CJSONSerializer.m; path = libs/TouchJSON/JSON/CJSONSerializer.m; sourceTree = "<group>"; };
		090A247D1487D18F005AF496 /* JSONRepresentation.h */ = {isa = PBXFileReference; lastKnownFileType = sourcecode.c.h; name = JSONRepresentation.h; path = libs/TouchJSON/JSON/JSONRepresentation.h; sourceTree = "<group>"; };
		090A247F1487D18F005AF496 /* FontLabel.h */ = {isa = PBXFileReference; lastKnownFileType = sourcecode.c.h; name = FontLabel.h; path = libs/FontLabel/FontLabel.h; sourceTree = "<group>"; };
		090A24801487D18F005AF496 /* FontLabel.m */ = {isa = PBXFileReference; lastKnownFileType = sourcecode.c.objc; name = FontLabel.m; path = libs/FontLabel/FontLabel.m; sourceTree = "<group>"; };
		090A24821487D18F005AF496 /* FontLabelStringDrawing.h */ = {isa = PBXFileReference; lastKnownFileType = sourcecode.c.h; name = FontLabelStringDrawing.h; path = libs/FontLabel/FontLabelStringDrawing.h; sourceTree = "<group>"; };
		090A24831487D18F005AF496 /* FontLabelStringDrawing.m */ = {isa = PBXFileReference; lastKnownFileType = sourcecode.c.objc; name = FontLabelStringDrawing.m; path = libs/FontLabel/FontLabelStringDrawing.m; sourceTree = "<group>"; };
		090A24851487D18F005AF496 /* FontManager.h */ = {isa = PBXFileReference; lastKnownFileType = sourcecode.c.h; name = FontManager.h; path = libs/FontLabel/FontManager.h; sourceTree = "<group>"; };
		090A24861487D18F005AF496 /* FontManager.m */ = {isa = PBXFileReference; lastKnownFileType = sourcecode.c.objc; name = FontManager.m; path = libs/FontLabel/FontManager.m; sourceTree = "<group>"; };
		090A24881487D18F005AF496 /* ZAttributedString.h */ = {isa = PBXFileReference; lastKnownFileType = sourcecode.c.h; name = ZAttributedString.h; path = libs/FontLabel/ZAttributedString.h; sourceTree = "<group>"; };
		090A24891487D18F005AF496 /* ZAttributedString.m */ = {isa = PBXFileReference; lastKnownFileType = sourcecode.c.objc; name = ZAttributedString.m; path = libs/FontLabel/ZAttributedString.m; sourceTree = "<group>"; };
		090A248B1487D18F005AF496 /* ZAttributedStringPrivate.h */ = {isa = PBXFileReference; lastKnownFileType = sourcecode.c.h; name = ZAttributedStringPrivate.h; path = libs/FontLabel/ZAttributedStringPrivate.h; sourceTree = "<group>"; };
		090A248C1487D18F005AF496 /* ZFont.h */ = {isa = PBXFileReference; lastKnownFileType = sourcecode.c.h; name = ZFont.h; path = libs/FontLabel/ZFont.h; sourceTree = "<group>"; };
		090A248D1487D18F005AF496 /* ZFont.m */ = {isa = PBXFileReference; lastKnownFileType = sourcecode.c.objc; name = ZFont.m; path = libs/FontLabel/ZFont.m; sourceTree = "<group>"; };
		090A248F1487D18F005AF496 /* LICENSE_FontLabel.txt */ = {isa = PBXFileReference; lastKnownFileType = text; name = LICENSE_FontLabel.txt; path = libs/LICENSE_FontLabel.txt; sourceTree = "<group>"; };
		090A24911487D18F005AF496 /* Prefix.pch */ = {isa = PBXFileReference; lastKnownFileType = sourcecode.c.h; path = Prefix.pch; sourceTree = "<group>"; };
		090A24921487D18F005AF496 /* main.m */ = {isa = PBXFileReference; lastKnownFileType = sourcecode.c.objc; path = main.m; sourceTree = "<group>"; };
		090A24941487D18F005AF496 /* AppDelegate.h */ = {isa = PBXFileReference; lastKnownFileType = sourcecode.c.h; path = AppDelegate.h; sourceTree = "<group>"; };
		090A24951487D18F005AF496 /* AppDelegate.m */ = {isa = PBXFileReference; lastKnownFileType = sourcecode.c.objc; path = AppDelegate.m; sourceTree = "<group>"; };
		090A24971487D18F005AF496 /* RootViewController.h */ = {isa = PBXFileReference; lastKnownFileType = sourcecode.c.h; path = RootViewController.h; sourceTree = "<group>"; };
		090A24981487D18F005AF496 /* RootViewController.m */ = {isa = PBXFileReference; lastKnownFileType = sourcecode.c.objc; path = RootViewController.m; sourceTree = "<group>"; };
		090A249D1487D18F005AF496 /* GameConfig.h */ = {isa = PBXFileReference; lastKnownFileType = sourcecode.c.h; path = GameConfig.h; sourceTree = "<group>"; };
		090A24A51487D395005AF496 /* Default-Landscape~ipad.png */ = {isa = PBXFileReference; lastKnownFileType = image.png; path = "Default-Landscape~ipad.png"; sourceTree = "<group>"; };
		090A24A71487D3A2005AF496 /* Default-Portrait~ipad.png */ = {isa = PBXFileReference; lastKnownFileType = image.png; path = "Default-Portrait~ipad.png"; sourceTree = "<group>"; };
		090A24A91487D414005AF496 /* icon72x72.png */ = {isa = PBXFileReference; lastKnownFileType = image.png; path = icon72x72.png; sourceTree = "<group>"; };
		090A24AC1487D4CF005AF496 /* KTInfoLayer.h */ = {isa = PBXFileReference; fileEncoding = 4; lastKnownFileType = sourcecode.c.h; path = KTInfoLayer.h; sourceTree = "<group>"; };
		090A24AD1487D4CF005AF496 /* KTInfoLayer.m */ = {isa = PBXFileReference; fileEncoding = 4; lastKnownFileType = sourcecode.c.objc; path = KTInfoLayer.m; sourceTree = "<group>"; };
		090A24AE1487D4CF005AF496 /* KTKanaDetailLayer.h */ = {isa = PBXFileReference; fileEncoding = 4; lastKnownFileType = sourcecode.c.h; path = KTKanaDetailLayer.h; sourceTree = "<group>"; };
		090A24AF1487D4CF005AF496 /* KTKanaDetailLayer.m */ = {isa = PBXFileReference; fileEncoding = 4; lastKnownFileType = sourcecode.c.objc; path = KTKanaDetailLayer.m; sourceTree = "<group>"; };
		090A24B01487D4CF005AF496 /* KTKanaLayer.h */ = {isa = PBXFileReference; fileEncoding = 4; lastKnownFileType = sourcecode.c.h; path = KTKanaLayer.h; sourceTree = "<group>"; };
		090A24B11487D4CF005AF496 /* KTKanaLayer.m */ = {isa = PBXFileReference; fileEncoding = 4; lastKnownFileType = sourcecode.c.objc; path = KTKanaLayer.m; sourceTree = "<group>"; };
		090A24B21487D4CF005AF496 /* KTMenuLayer.h */ = {isa = PBXFileReference; fileEncoding = 4; lastKnownFileType = sourcecode.c.h; path = KTMenuLayer.h; sourceTree = "<group>"; };
		090A24B31487D4CF005AF496 /* KTMenuLayer.m */ = {isa = PBXFileReference; fileEncoding = 4; lastKnownFileType = sourcecode.c.objc; path = KTMenuLayer.m; sourceTree = "<group>"; };
/* End PBXFileReference section */

/* Begin PBXFrameworksBuildPhase section */
		090A23281487D18B005AF496 /* Frameworks */ = {
			isa = PBXFrameworksBuildPhase;
			buildActionMask = 2147483647;
			files = (
				090A23301487D18B005AF496 /* QuartzCore.framework in Frameworks */,
				090A23321487D18B005AF496 /* OpenGLES.framework in Frameworks */,
				090A23341487D18B005AF496 /* OpenAL.framework in Frameworks */,
				090A23361487D18B005AF496 /* AudioToolbox.framework in Frameworks */,
				090A23381487D18B005AF496 /* AVFoundation.framework in Frameworks */,
				090A233A1487D18B005AF496 /* UIKit.framework in Frameworks */,
				090A233C1487D18B005AF496 /* Foundation.framework in Frameworks */,
				090A233E1487D18B005AF496 /* CoreGraphics.framework in Frameworks */,
			);
			runOnlyForDeploymentPostprocessing = 0;
		};
/* End PBXFrameworksBuildPhase section */

/* Begin PBXGroup section */
		090A23201487D18B005AF496 = {
			isa = PBXGroup;
			children = (
				090A24A91487D414005AF496 /* icon72x72.png */,
				090A24A71487D3A2005AF496 /* Default-Portrait~ipad.png */,
				090A24A51487D395005AF496 /* Default-Landscape~ipad.png */,
				090A233F1487D18B005AF496 /* kanaTable-ipad */,
				090A232E1487D18B005AF496 /* Frameworks */,
				090A232C1487D18B005AF496 /* Products */,
			);
			sourceTree = "<group>";
		};
		090A232C1487D18B005AF496 /* Products */ = {
			isa = PBXGroup;
			children = (
				090A232B1487D18B005AF496 /* kanaTable-ipad.app */,
			);
			name = Products;
			sourceTree = "<group>";
		};
		090A232E1487D18B005AF496 /* Frameworks */ = {
			isa = PBXGroup;
			children = (
				090A232F1487D18B005AF496 /* QuartzCore.framework */,
				090A23311487D18B005AF496 /* OpenGLES.framework */,
				090A23331487D18B005AF496 /* OpenAL.framework */,
				090A23351487D18B005AF496 /* AudioToolbox.framework */,
				090A23371487D18B005AF496 /* AVFoundation.framework */,
				090A23391487D18B005AF496 /* UIKit.framework */,
				090A233B1487D18B005AF496 /* Foundation.framework */,
				090A233D1487D18B005AF496 /* CoreGraphics.framework */,
			);
			name = Frameworks;
			sourceTree = "<group>";
		};
		090A233F1487D18B005AF496 /* kanaTable-ipad */ = {
			isa = PBXGroup;
			children = (
				090A24AB1487D4B1005AF496 /* Layers */,
				090A24941487D18F005AF496 /* AppDelegate.h */,
				090A24951487D18F005AF496 /* AppDelegate.m */,
				090A24971487D18F005AF496 /* RootViewController.h */,
				090A24981487D18F005AF496 /* RootViewController.m */,
				090A249D1487D18F005AF496 /* GameConfig.h */,
				090A23401487D18B005AF496 /* Resources */,
				090A23541487D18B005AF496 /* libs */,
				090A24901487D18F005AF496 /* Supporting Files */,
			);
			path = "kanaTable-ipad";
			sourceTree = "<group>";
		};
		090A23401487D18B005AF496 /* Resources */ = {
			isa = PBXGroup;
			children = (
				090A23431487D18B005AF496 /* fps_images.png */,
				090A23511487D18B005AF496 /* Info.plist */,
			);
			name = Resources;
			sourceTree = "<group>";
		};
		090A23541487D18B005AF496 /* libs */ = {
			isa = PBXGroup;
			children = (
				090A244D1487D18E005AF496 /* LICENSE_cocos2d.txt */,
				090A245C1487D18E005AF496 /* LICENSE_CocosDenshion.txt */,
				090A24671487D18E005AF496 /* LICENSE_TouchJSON.txt */,
				090A248F1487D18F005AF496 /* LICENSE_FontLabel.txt */,
				090A23551487D18B005AF496 /* cocos2d */,
				090A244E1487D18E005AF496 /* CocosDenshion */,
				090A245D1487D18E005AF496 /* cocoslive */,
				090A24681487D18E005AF496 /* TouchJSON */,
				090A247E1487D18F005AF496 /* FontLabel */,
			);
			name = libs;
			sourceTree = "<group>";
		};
		090A23551487D18B005AF496 /* cocos2d */ = {
			isa = PBXGroup;
			children = (
				090A23561487D18B005AF496 /* CCAction.h */,
				090A23571487D18B005AF496 /* CCAction.m */,
				090A23591487D18B005AF496 /* CCActionCamera.h */,
				090A235A1487D18B005AF496 /* CCActionCamera.m */,
				090A235C1487D18B005AF496 /* CCActionEase.h */,
				090A235D1487D18B005AF496 /* CCActionEase.m */,
				090A235F1487D18B005AF496 /* CCActionGrid.h */,
				090A23601487D18B005AF496 /* CCActionGrid.m */,
				090A23621487D18B005AF496 /* CCActionGrid3D.h */,
				090A23631487D18C005AF496 /* CCActionGrid3D.m */,
				090A23651487D18C005AF496 /* CCActionInstant.h */,
				090A23661487D18C005AF496 /* CCActionInstant.m */,
				090A23681487D18C005AF496 /* CCActionInterval.h */,
				090A23691487D18C005AF496 /* CCActionInterval.m */,
				090A236B1487D18C005AF496 /* CCActionManager.h */,
				090A236C1487D18C005AF496 /* CCActionManager.m */,
				090A236E1487D18C005AF496 /* CCActionPageTurn3D.h */,
				090A236F1487D18C005AF496 /* CCActionPageTurn3D.m */,
				090A23711487D18C005AF496 /* CCActionProgressTimer.h */,
				090A23721487D18C005AF496 /* CCActionProgressTimer.m */,
				090A23741487D18C005AF496 /* CCActionTiledGrid.h */,
				090A23751487D18C005AF496 /* CCActionTiledGrid.m */,
				090A23771487D18C005AF496 /* CCActionTween.h */,
				090A23781487D18C005AF496 /* CCActionTween.m */,
				090A237A1487D18C005AF496 /* CCAnimation.h */,
				090A237B1487D18C005AF496 /* CCAnimation.m */,
				090A237D1487D18C005AF496 /* CCAnimationCache.h */,
				090A237E1487D18C005AF496 /* CCAnimationCache.m */,
				090A23801487D18C005AF496 /* CCAtlasNode.h */,
				090A23811487D18C005AF496 /* CCAtlasNode.m */,
				090A23831487D18C005AF496 /* CCBlockSupport.h */,
				090A23841487D18C005AF496 /* CCBlockSupport.m */,
				090A23861487D18C005AF496 /* CCCamera.h */,
				090A23871487D18C005AF496 /* CCCamera.m */,
				090A23891487D18C005AF496 /* ccConfig.h */,
				090A238A1487D18C005AF496 /* CCConfiguration.h */,
				090A238B1487D18C005AF496 /* CCConfiguration.m */,
				090A238D1487D18C005AF496 /* CCDirector.h */,
				090A238E1487D18C005AF496 /* CCDirector.m */,
				090A23901487D18C005AF496 /* CCDrawingPrimitives.h */,
				090A23911487D18C005AF496 /* CCDrawingPrimitives.m */,
				090A23931487D18C005AF496 /* CCGrabber.h */,
				090A23941487D18C005AF496 /* CCGrabber.m */,
				090A23961487D18C005AF496 /* CCGrid.h */,
				090A23971487D18C005AF496 /* CCGrid.m */,
				090A23991487D18C005AF496 /* CCLabelAtlas.h */,
				090A239A1487D18C005AF496 /* CCLabelAtlas.m */,
				090A239C1487D18C005AF496 /* CCLabelBMFont.h */,
				090A239D1487D18C005AF496 /* CCLabelBMFont.m */,
				090A239F1487D18C005AF496 /* CCLabelTTF.h */,
				090A23A01487D18C005AF496 /* CCLabelTTF.m */,
				090A23A21487D18C005AF496 /* CCLayer.h */,
				090A23A31487D18C005AF496 /* CCLayer.m */,
				090A23A51487D18C005AF496 /* ccMacros.h */,
				090A23A61487D18C005AF496 /* CCMenu.h */,
				090A23A71487D18C005AF496 /* CCMenu.m */,
				090A23A91487D18C005AF496 /* CCMenuItem.h */,
				090A23AA1487D18C005AF496 /* CCMenuItem.m */,
				090A23AC1487D18C005AF496 /* CCMotionStreak.h */,
				090A23AD1487D18C005AF496 /* CCMotionStreak.m */,
				090A23AF1487D18C005AF496 /* CCNode.h */,
				090A23B01487D18C005AF496 /* CCNode.m */,
				090A23B21487D18C005AF496 /* CCParallaxNode.h */,
				090A23B31487D18C005AF496 /* CCParallaxNode.m */,
				090A23B51487D18C005AF496 /* CCParticleBatchNode.h */,
				090A23B61487D18C005AF496 /* CCParticleBatchNode.m */,
				090A23B81487D18C005AF496 /* CCParticleExamples.h */,
				090A23B91487D18C005AF496 /* CCParticleExamples.m */,
				090A23BB1487D18C005AF496 /* CCParticleSystem.h */,
				090A23BC1487D18C005AF496 /* CCParticleSystem.m */,
				090A23BE1487D18C005AF496 /* CCParticleSystemPoint.h */,
				090A23BF1487D18C005AF496 /* CCParticleSystemPoint.m */,
				090A23C11487D18C005AF496 /* CCParticleSystemQuad.h */,
				090A23C21487D18D005AF496 /* CCParticleSystemQuad.m */,
				090A23C41487D18D005AF496 /* CCProgressTimer.h */,
				090A23C51487D18D005AF496 /* CCProgressTimer.m */,
				090A23C71487D18D005AF496 /* CCProtocols.h */,
				090A23C81487D18D005AF496 /* CCRenderTexture.h */,
				090A23C91487D18D005AF496 /* CCRenderTexture.m */,
				090A23CB1487D18D005AF496 /* CCRibbon.h */,
				090A23CC1487D18D005AF496 /* CCRibbon.m */,
				090A23CE1487D18D005AF496 /* CCScene.h */,
				090A23CF1487D18D005AF496 /* CCScene.m */,
				090A23D11487D18D005AF496 /* CCScheduler.h */,
				090A23D21487D18D005AF496 /* CCScheduler.m */,
				090A23D41487D18D005AF496 /* CCSprite.h */,
				090A23D51487D18D005AF496 /* CCSprite.m */,
				090A23D71487D18D005AF496 /* CCSpriteBatchNode.h */,
				090A23D81487D18D005AF496 /* CCSpriteBatchNode.m */,
				090A23DA1487D18D005AF496 /* CCSpriteFrame.h */,
				090A23DB1487D18D005AF496 /* CCSpriteFrame.m */,
				090A23DD1487D18D005AF496 /* CCSpriteFrameCache.h */,
				090A23DE1487D18D005AF496 /* CCSpriteFrameCache.m */,
				090A23E01487D18D005AF496 /* CCTexture2D.h */,
				090A23E11487D18D005AF496 /* CCTexture2D.m */,
				090A23E31487D18D005AF496 /* CCTextureAtlas.h */,
				090A23E41487D18D005AF496 /* CCTextureAtlas.m */,
				090A23E61487D18D005AF496 /* CCTextureCache.h */,
				090A23E71487D18D005AF496 /* CCTextureCache.m */,
				090A23E91487D18D005AF496 /* CCTexturePVR.h */,
				090A23EA1487D18D005AF496 /* CCTexturePVR.m */,
				090A23EC1487D18D005AF496 /* CCTileMapAtlas.h */,
				090A23ED1487D18D005AF496 /* CCTileMapAtlas.m */,
				090A23EF1487D18D005AF496 /* CCTMXLayer.h */,
				090A23F01487D18D005AF496 /* CCTMXLayer.m */,
				090A23F21487D18D005AF496 /* CCTMXObjectGroup.h */,
				090A23F31487D18D005AF496 /* CCTMXObjectGroup.m */,
				090A23F51487D18D005AF496 /* CCTMXTiledMap.h */,
				090A23F61487D18D005AF496 /* CCTMXTiledMap.m */,
				090A23F81487D18D005AF496 /* CCTMXXMLParser.h */,
				090A23F91487D18D005AF496 /* CCTMXXMLParser.m */,
				090A23FB1487D18D005AF496 /* CCTransition.h */,
				090A23FC1487D18D005AF496 /* CCTransition.m */,
				090A23FE1487D18D005AF496 /* CCTransitionPageTurn.h */,
				090A23FF1487D18D005AF496 /* CCTransitionPageTurn.m */,
				090A24011487D18D005AF496 /* CCTransitionRadial.h */,
				090A24021487D18D005AF496 /* CCTransitionRadial.m */,
				090A24041487D18D005AF496 /* ccTypes.h */,
				090A24051487D18D005AF496 /* cocos2d.h */,
				090A24061487D18D005AF496 /* cocos2d.m */,
				090A24081487D18D005AF496 /* Platforms */,
				090A242D1487D18E005AF496 /* Support */,
			);
			name = cocos2d;
			sourceTree = "<group>";
		};
		090A24081487D18D005AF496 /* Platforms */ = {
			isa = PBXGroup;
			children = (
				090A24091487D18D005AF496 /* CCGL.h */,
				090A240A1487D18D005AF496 /* CCNS.h */,
				090A240B1487D18D005AF496 /* iOS */,
				090A24201487D18D005AF496 /* Mac */,
			);
			name = Platforms;
			sourceTree = "<group>";
		};
		090A240B1487D18D005AF496 /* iOS */ = {
			isa = PBXGroup;
			children = (
				090A240C1487D18D005AF496 /* CCDirectorIOS.h */,
				090A240D1487D18D005AF496 /* CCDirectorIOS.m */,
				090A240F1487D18D005AF496 /* CCTouchDelegateProtocol.h */,
				090A24101487D18D005AF496 /* CCTouchDispatcher.h */,
				090A24111487D18D005AF496 /* CCTouchDispatcher.m */,
				090A24131487D18D005AF496 /* CCTouchHandler.h */,
				090A24141487D18D005AF496 /* CCTouchHandler.m */,
				090A24161487D18D005AF496 /* EAGLView.h */,
				090A24171487D18D005AF496 /* EAGLView.m */,
				090A24191487D18D005AF496 /* ES1Renderer.h */,
				090A241A1487D18D005AF496 /* ES1Renderer.m */,
				090A241C1487D18D005AF496 /* ESRenderer.h */,
				090A241D1487D18D005AF496 /* glu.c */,
				090A241F1487D18D005AF496 /* glu.h */,
			);
			name = iOS;
			sourceTree = "<group>";
		};
		090A24201487D18D005AF496 /* Mac */ = {
			isa = PBXGroup;
			children = (
				090A24211487D18D005AF496 /* CCDirectorMac.h */,
				090A24221487D18E005AF496 /* CCDirectorMac.m */,
				090A24241487D18E005AF496 /* CCEventDispatcher.h */,
				090A24251487D18E005AF496 /* CCEventDispatcher.m */,
				090A24271487D18E005AF496 /* MacGLView.h */,
				090A24281487D18E005AF496 /* MacGLView.m */,
				090A242A1487D18E005AF496 /* MacWindow.h */,
				090A242B1487D18E005AF496 /* MacWindow.m */,
			);
			name = Mac;
			sourceTree = "<group>";
		};
		090A242D1487D18E005AF496 /* Support */ = {
			isa = PBXGroup;
			children = (
				090A242E1487D18E005AF496 /* base64.c */,
				090A24301487D18E005AF496 /* base64.h */,
				090A24311487D18E005AF496 /* CCArray.h */,
				090A24321487D18E005AF496 /* CCArray.m */,
				090A24341487D18E005AF496 /* ccCArray.h */,
				090A24351487D18E005AF496 /* CCFileUtils.h */,
				090A24361487D18E005AF496 /* CCFileUtils.m */,
				090A24381487D18E005AF496 /* CCProfiling.h */,
				090A24391487D18E005AF496 /* CCProfiling.m */,
				090A243B1487D18E005AF496 /* ccUtils.c */,
				090A243D1487D18E005AF496 /* ccUtils.h */,
				090A243E1487D18E005AF496 /* CGPointExtension.h */,
				090A243F1487D18E005AF496 /* CGPointExtension.m */,
				090A24411487D18E005AF496 /* OpenGL_Internal.h */,
				090A24421487D18E005AF496 /* TGAlib.h */,
				090A24431487D18E005AF496 /* TGAlib.m */,
				090A24451487D18E005AF496 /* TransformUtils.h */,
				090A24461487D18E005AF496 /* TransformUtils.m */,
				090A24481487D18E005AF496 /* uthash.h */,
				090A24491487D18E005AF496 /* utlist.h */,
				090A244A1487D18E005AF496 /* ZipUtils.h */,
				090A244B1487D18E005AF496 /* ZipUtils.m */,
			);
			name = Support;
			sourceTree = "<group>";
		};
		090A244E1487D18E005AF496 /* CocosDenshion */ = {
			isa = PBXGroup;
			children = (
				090A244F1487D18E005AF496 /* CDAudioManager.h */,
				090A24501487D18E005AF496 /* CDAudioManager.m */,
				090A24521487D18E005AF496 /* CDConfig.h */,
				090A24531487D18E005AF496 /* CDOpenALSupport.h */,
				090A24541487D18E005AF496 /* CDOpenALSupport.m */,
				090A24561487D18E005AF496 /* CocosDenshion.h */,
				090A24571487D18E005AF496 /* CocosDenshion.m */,
				090A24591487D18E005AF496 /* SimpleAudioEngine.h */,
				090A245A1487D18E005AF496 /* SimpleAudioEngine.m */,
			);
			name = CocosDenshion;
			sourceTree = "<group>";
		};
		090A245D1487D18E005AF496 /* cocoslive */ = {
			isa = PBXGroup;
			children = (
				090A245E1487D18E005AF496 /* CLScoreServerPost.h */,
				090A245F1487D18E005AF496 /* CLScoreServerPost.m */,
				090A24611487D18E005AF496 /* CLScoreServerRequest.h */,
				090A24621487D18E005AF496 /* CLScoreServerRequest.m */,
				090A24641487D18E005AF496 /* cocoslive.h */,
				090A24651487D18E005AF496 /* cocoslive.m */,
			);
			name = cocoslive;
			sourceTree = "<group>";
		};
		090A24681487D18E005AF496 /* TouchJSON */ = {
			isa = PBXGroup;
			children = (
				090A24691487D18E005AF496 /* CDataScanner.h */,
				090A246A1487D18E005AF496 /* CDataScanner.m */,
				090A246C1487D18E005AF496 /* Extensions */,
				090A24731487D18E005AF496 /* JSON */,
			);
			name = TouchJSON;
			sourceTree = "<group>";
		};
		090A246C1487D18E005AF496 /* Extensions */ = {
			isa = PBXGroup;
			children = (
				090A246D1487D18E005AF496 /* CDataScanner_Extensions.h */,
				090A246E1487D18E005AF496 /* CDataScanner_Extensions.m */,
				090A24701487D18E005AF496 /* NSDictionary_JSONExtensions.h */,
				090A24711487D18E005AF496 /* NSDictionary_JSONExtensions.m */,
			);
			name = Extensions;
			sourceTree = "<group>";
		};
		090A24731487D18E005AF496 /* JSON */ = {
			isa = PBXGroup;
			children = (
				090A24741487D18E005AF496 /* CJSONDeserializer.h */,
				090A24751487D18E005AF496 /* CJSONDeserializer.m */,
				090A24771487D18E005AF496 /* CJSONScanner.h */,
				090A24781487D18F005AF496 /* CJSONScanner.m */,
				090A247A1487D18F005AF496 /* CJSONSerializer.h */,
				090A247B1487D18F005AF496 /* CJSONSerializer.m */,
				090A247D1487D18F005AF496 /* JSONRepresentation.h */,
			);
			name = JSON;
			sourceTree = "<group>";
		};
		090A247E1487D18F005AF496 /* FontLabel */ = {
			isa = PBXGroup;
			children = (
				090A247F1487D18F005AF496 /* FontLabel.h */,
				090A24801487D18F005AF496 /* FontLabel.m */,
				090A24821487D18F005AF496 /* FontLabelStringDrawing.h */,
				090A24831487D18F005AF496 /* FontLabelStringDrawing.m */,
				090A24851487D18F005AF496 /* FontManager.h */,
				090A24861487D18F005AF496 /* FontManager.m */,
				090A24881487D18F005AF496 /* ZAttributedString.h */,
				090A24891487D18F005AF496 /* ZAttributedString.m */,
				090A248B1487D18F005AF496 /* ZAttributedStringPrivate.h */,
				090A248C1487D18F005AF496 /* ZFont.h */,
				090A248D1487D18F005AF496 /* ZFont.m */,
			);
			name = FontLabel;
			sourceTree = "<group>";
		};
		090A24901487D18F005AF496 /* Supporting Files */ = {
			isa = PBXGroup;
			children = (
				090A24911487D18F005AF496 /* Prefix.pch */,
				090A24921487D18F005AF496 /* main.m */,
			);
			name = "Supporting Files";
			sourceTree = "<group>";
		};
		090A24AB1487D4B1005AF496 /* Layers */ = {
			isa = PBXGroup;
			children = (
				090A24AC1487D4CF005AF496 /* KTInfoLayer.h */,
				090A24AD1487D4CF005AF496 /* KTInfoLayer.m */,
				090A24AE1487D4CF005AF496 /* KTKanaDetailLayer.h */,
				090A24AF1487D4CF005AF496 /* KTKanaDetailLayer.m */,
				090A24B01487D4CF005AF496 /* KTKanaLayer.h */,
				090A24B11487D4CF005AF496 /* KTKanaLayer.m */,
				090A24B21487D4CF005AF496 /* KTMenuLayer.h */,
				090A24B31487D4CF005AF496 /* KTMenuLayer.m */,
			);
			name = Layers;
			sourceTree = "<group>";
		};
/* End PBXGroup section */

/* Begin PBXNativeTarget section */
		090A232A1487D18B005AF496 /* kanaTable-ipad */ = {
			isa = PBXNativeTarget;
			buildConfigurationList = 090A24A01487D18F005AF496 /* Build configuration list for PBXNativeTarget "kanaTable-ipad" */;
			buildPhases = (
				090A23271487D18B005AF496 /* Sources */,
				090A23281487D18B005AF496 /* Frameworks */,
				090A23291487D18B005AF496 /* Resources */,
			);
			buildRules = (
			);
			dependencies = (
			);
			name = "kanaTable-ipad";
			productName = "kanaTable-ipad";
			productReference = 090A232B1487D18B005AF496 /* kanaTable-ipad.app */;
			productType = "com.apple.product-type.application";
		};
/* End PBXNativeTarget section */

/* Begin PBXProject section */
		090A23221487D18B005AF496 /* Project object */ = {
			isa = PBXProject;
			attributes = {
				LastUpgradeCheck = 0420;
				ORGANIZATIONNAME = Flexnor;
			};
			buildConfigurationList = 090A23251487D18B005AF496 /* Build configuration list for PBXProject "kanaTable-ipad" */;
			compatibilityVersion = "Xcode 3.2";
			developmentRegion = English;
			hasScannedForEncodings = 0;
			knownRegions = (
				en,
			);
			mainGroup = 090A23201487D18B005AF496;
			productRefGroup = 090A232C1487D18B005AF496 /* Products */;
			projectDirPath = "";
			projectRoot = "";
			targets = (
				090A232A1487D18B005AF496 /* kanaTable-ipad */,
			);
		};
/* End PBXProject section */

/* Begin PBXResourcesBuildPhase section */
		090A23291487D18B005AF496 /* Resources */ = {
			isa = PBXResourcesBuildPhase;
			buildActionMask = 2147483647;
			files = (
				090A23441487D18B005AF496 /* fps_images.png in Resources */,
				090A24A61487D395005AF496 /* Default-Landscape~ipad.png in Resources */,
				090A24A81487D3A2005AF496 /* Default-Portrait~ipad.png in Resources */,
				090A24AA1487D414005AF496 /* icon72x72.png in Resources */,
			);
			runOnlyForDeploymentPostprocessing = 0;
		};
/* End PBXResourcesBuildPhase section */

/* Begin PBXSourcesBuildPhase section */
		090A23271487D18B005AF496 /* Sources */ = {
			isa = PBXSourcesBuildPhase;
			buildActionMask = 2147483647;
			files = (
				090A23581487D18B005AF496 /* CCAction.m in Sources */,
				090A235B1487D18B005AF496 /* CCActionCamera.m in Sources */,
				090A235E1487D18B005AF496 /* CCActionEase.m in Sources */,
				090A23611487D18B005AF496 /* CCActionGrid.m in Sources */,
				090A23641487D18C005AF496 /* CCActionGrid3D.m in Sources */,
				090A23671487D18C005AF496 /* CCActionInstant.m in Sources */,
				090A236A1487D18C005AF496 /* CCActionInterval.m in Sources */,
				090A236D1487D18C005AF496 /* CCActionManager.m in Sources */,
				090A23701487D18C005AF496 /* CCActionPageTurn3D.m in Sources */,
				090A23731487D18C005AF496 /* CCActionProgressTimer.m in Sources */,
				090A23761487D18C005AF496 /* CCActionTiledGrid.m in Sources */,
				090A23791487D18C005AF496 /* CCActionTween.m in Sources */,
				090A237C1487D18C005AF496 /* CCAnimation.m in Sources */,
				090A237F1487D18C005AF496 /* CCAnimationCache.m in Sources */,
				090A23821487D18C005AF496 /* CCAtlasNode.m in Sources */,
				090A23851487D18C005AF496 /* CCBlockSupport.m in Sources */,
				090A23881487D18C005AF496 /* CCCamera.m in Sources */,
				090A238C1487D18C005AF496 /* CCConfiguration.m in Sources */,
				090A238F1487D18C005AF496 /* CCDirector.m in Sources */,
				090A23921487D18C005AF496 /* CCDrawingPrimitives.m in Sources */,
				090A23951487D18C005AF496 /* CCGrabber.m in Sources */,
				090A23981487D18C005AF496 /* CCGrid.m in Sources */,
				090A239B1487D18C005AF496 /* CCLabelAtlas.m in Sources */,
				090A239E1487D18C005AF496 /* CCLabelBMFont.m in Sources */,
				090A23A11487D18C005AF496 /* CCLabelTTF.m in Sources */,
				090A23A41487D18C005AF496 /* CCLayer.m in Sources */,
				090A23A81487D18C005AF496 /* CCMenu.m in Sources */,
				090A23AB1487D18C005AF496 /* CCMenuItem.m in Sources */,
				090A23AE1487D18C005AF496 /* CCMotionStreak.m in Sources */,
				090A23B11487D18C005AF496 /* CCNode.m in Sources */,
				090A23B41487D18C005AF496 /* CCParallaxNode.m in Sources */,
				090A23B71487D18C005AF496 /* CCParticleBatchNode.m in Sources */,
				090A23BA1487D18C005AF496 /* CCParticleExamples.m in Sources */,
				090A23BD1487D18C005AF496 /* CCParticleSystem.m in Sources */,
				090A23C01487D18C005AF496 /* CCParticleSystemPoint.m in Sources */,
				090A23C31487D18D005AF496 /* CCParticleSystemQuad.m in Sources */,
				090A23C61487D18D005AF496 /* CCProgressTimer.m in Sources */,
				090A23CA1487D18D005AF496 /* CCRenderTexture.m in Sources */,
				090A23CD1487D18D005AF496 /* CCRibbon.m in Sources */,
				090A23D01487D18D005AF496 /* CCScene.m in Sources */,
				090A23D31487D18D005AF496 /* CCScheduler.m in Sources */,
				090A23D61487D18D005AF496 /* CCSprite.m in Sources */,
				090A23D91487D18D005AF496 /* CCSpriteBatchNode.m in Sources */,
				090A23DC1487D18D005AF496 /* CCSpriteFrame.m in Sources */,
				090A23DF1487D18D005AF496 /* CCSpriteFrameCache.m in Sources */,
				090A23E21487D18D005AF496 /* CCTexture2D.m in Sources */,
				090A23E51487D18D005AF496 /* CCTextureAtlas.m in Sources */,
				090A23E81487D18D005AF496 /* CCTextureCache.m in Sources */,
				090A23EB1487D18D005AF496 /* CCTexturePVR.m in Sources */,
				090A23EE1487D18D005AF496 /* CCTileMapAtlas.m in Sources */,
				090A23F11487D18D005AF496 /* CCTMXLayer.m in Sources */,
				090A23F41487D18D005AF496 /* CCTMXObjectGroup.m in Sources */,
				090A23F71487D18D005AF496 /* CCTMXTiledMap.m in Sources */,
				090A23FA1487D18D005AF496 /* CCTMXXMLParser.m in Sources */,
				090A23FD1487D18D005AF496 /* CCTransition.m in Sources */,
				090A24001487D18D005AF496 /* CCTransitionPageTurn.m in Sources */,
				090A24031487D18D005AF496 /* CCTransitionRadial.m in Sources */,
				090A24071487D18D005AF496 /* cocos2d.m in Sources */,
				090A240E1487D18D005AF496 /* CCDirectorIOS.m in Sources */,
				090A24121487D18D005AF496 /* CCTouchDispatcher.m in Sources */,
				090A24151487D18D005AF496 /* CCTouchHandler.m in Sources */,
				090A24181487D18D005AF496 /* EAGLView.m in Sources */,
				090A241B1487D18D005AF496 /* ES1Renderer.m in Sources */,
				090A241E1487D18D005AF496 /* glu.c in Sources */,
				090A24231487D18E005AF496 /* CCDirectorMac.m in Sources */,
				090A24261487D18E005AF496 /* CCEventDispatcher.m in Sources */,
				090A24291487D18E005AF496 /* MacGLView.m in Sources */,
				090A242C1487D18E005AF496 /* MacWindow.m in Sources */,
				090A242F1487D18E005AF496 /* base64.c in Sources */,
				090A24331487D18E005AF496 /* CCArray.m in Sources */,
				090A24371487D18E005AF496 /* CCFileUtils.m in Sources */,
				090A243A1487D18E005AF496 /* CCProfiling.m in Sources */,
				090A243C1487D18E005AF496 /* ccUtils.c in Sources */,
				090A24401487D18E005AF496 /* CGPointExtension.m in Sources */,
				090A24441487D18E005AF496 /* TGAlib.m in Sources */,
				090A24471487D18E005AF496 /* TransformUtils.m in Sources */,
				090A244C1487D18E005AF496 /* ZipUtils.m in Sources */,
				090A24511487D18E005AF496 /* CDAudioManager.m in Sources */,
				090A24551487D18E005AF496 /* CDOpenALSupport.m in Sources */,
				090A24581487D18E005AF496 /* CocosDenshion.m in Sources */,
				090A245B1487D18E005AF496 /* SimpleAudioEngine.m in Sources */,
				090A24601487D18E005AF496 /* CLScoreServerPost.m in Sources */,
				090A24631487D18E005AF496 /* CLScoreServerRequest.m in Sources */,
				090A24661487D18E005AF496 /* cocoslive.m in Sources */,
				090A246B1487D18E005AF496 /* CDataScanner.m in Sources */,
				090A246F1487D18E005AF496 /* CDataScanner_Extensions.m in Sources */,
				090A24721487D18E005AF496 /* NSDictionary_JSONExtensions.m in Sources */,
				090A24761487D18E005AF496 /* CJSONDeserializer.m in Sources */,
				090A24791487D18F005AF496 /* CJSONScanner.m in Sources */,
				090A247C1487D18F005AF496 /* CJSONSerializer.m in Sources */,
				090A24811487D18F005AF496 /* FontLabel.m in Sources */,
				090A24841487D18F005AF496 /* FontLabelStringDrawing.m in Sources */,
				090A24871487D18F005AF496 /* FontManager.m in Sources */,
				090A248A1487D18F005AF496 /* ZAttributedString.m in Sources */,
				090A248E1487D18F005AF496 /* ZFont.m in Sources */,
				090A24931487D18F005AF496 /* main.m in Sources */,
				090A24961487D18F005AF496 /* AppDelegate.m in Sources */,
				090A24991487D18F005AF496 /* RootViewController.m in Sources */,
				090A24B41487D4CF005AF496 /* KTInfoLayer.m in Sources */,
				090A24B51487D4CF005AF496 /* KTKanaDetailLayer.m in Sources */,
				090A24B61487D4CF005AF496 /* KTKanaLayer.m in Sources */,
				090A24B71487D4CF005AF496 /* KTMenuLayer.m in Sources */,
			);
			runOnlyForDeploymentPostprocessing = 0;
		};
/* End PBXSourcesBuildPhase section */

/* Begin XCBuildConfiguration section */
		090A249E1487D18F005AF496 /* Debug */ = {
			isa = XCBuildConfiguration;
			buildSettings = {
				ARCHS = "$(ARCHS_STANDARD_32_BIT)";
				"CODE_SIGN_IDENTITY[sdk=iphoneos*]" = "iPhone Developer";
				GCC_C_LANGUAGE_STANDARD = gnu99;
				GCC_OPTIMIZATION_LEVEL = 0;
				GCC_PREPROCESSOR_DEFINITIONS = (
					DEBUG,
					"COCOS2D_DEBUG=1",
				);
				GCC_SYMBOLS_PRIVATE_EXTERN = NO;
				GCC_VERSION = com.apple.compilers.llvmgcc42;
				GCC_WARN_ABOUT_RETURN_TYPE = YES;
				GCC_WARN_UNUSED_VARIABLE = YES;
				IPHONEOS_DEPLOYMENT_TARGET = 5.0;
				SDKROOT = iphoneos;
			};
			name = Debug;
		};
		090A249F1487D18F005AF496 /* Release */ = {
			isa = XCBuildConfiguration;
			buildSettings = {
				ARCHS = "$(ARCHS_STANDARD_32_BIT)";
				"CODE_SIGN_IDENTITY[sdk=iphoneos*]" = "iPhone Developer";
				GCC_C_LANGUAGE_STANDARD = gnu99;
				GCC_PREPROCESSOR_DEFINITIONS = NDEBUG;
				GCC_VERSION = com.apple.compilers.llvmgcc42;
				GCC_WARN_ABOUT_RETURN_TYPE = YES;
				GCC_WARN_UNUSED_VARIABLE = YES;
				IPHONEOS_DEPLOYMENT_TARGET = 5.0;
				OTHER_CFLAGS = "-DNS_BLOCK_ASSERTIONS=1";
				SDKROOT = iphoneos;
			};
			name = Release;
		};
		090A24A11487D18F005AF496 /* Debug */ = {
			isa = XCBuildConfiguration;
			buildSettings = {
				ALWAYS_SEARCH_USER_PATHS = NO;
				COPY_PHASE_STRIP = NO;
				GCC_DYNAMIC_NO_PIC = NO;
				GCC_PRECOMPILE_PREFIX_HEADER = YES;
				GCC_PREFIX_HEADER = "kanaTable-ipad/Prefix.pch";
				"GCC_THUMB_SUPPORT[arch=armv6]" = "";
				INFOPLIST_FILE = "kanaTable-ipad/Resources/Info.plist";
				IPHONEOS_DEPLOYMENT_TARGET = 4.3;
				OTHER_LDFLAGS = "-lz";
				PRODUCT_NAME = "$(TARGET_NAME)";
				TARGETED_DEVICE_FAMILY = 2;
				WRAPPER_EXTENSION = app;
			};
			name = Debug;
		};
		090A24A21487D18F005AF496 /* Release */ = {
			isa = XCBuildConfiguration;
			buildSettings = {
				ALWAYS_SEARCH_USER_PATHS = NO;
				COPY_PHASE_STRIP = YES;
				GCC_PRECOMPILE_PREFIX_HEADER = YES;
				GCC_PREFIX_HEADER = "kanaTable-ipad/Prefix.pch";
				"GCC_THUMB_SUPPORT[arch=armv6]" = "";
				INFOPLIST_FILE = "kanaTable-ipad/Resources/Info.plist";
				IPHONEOS_DEPLOYMENT_TARGET = 4.3;
				OTHER_LDFLAGS = "-lz";
				PRODUCT_NAME = "$(TARGET_NAME)";
				TARGETED_DEVICE_FAMILY = 2;
				VALIDATE_PRODUCT = YES;
				WRAPPER_EXTENSION = app;
			};
			name = Release;
		};
/* End XCBuildConfiguration section */

/* Begin XCConfigurationList section */
		090A23251487D18B005AF496 /* Build configuration list for PBXProject "kanaTable-ipad" */ = {
			isa = XCConfigurationList;
			buildConfigurations = (
				090A249E1487D18F005AF496 /* Debug */,
				090A249F1487D18F005AF496 /* Release */,
			);
			defaultConfigurationIsVisible = 0;
			defaultConfigurationName = Release;
		};
		090A24A01487D18F005AF496 /* Build configuration list for PBXNativeTarget "kanaTable-ipad" */ = {
			isa = XCConfigurationList;
			buildConfigurations = (
				090A24A11487D18F005AF496 /* Debug */,
				090A24A21487D18F005AF496 /* Release */,
			);
			defaultConfigurationIsVisible = 0;
		};
/* End XCConfigurationList section */
	};
	rootObject = 090A23221487D18B005AF496 /* Project object */;
}
